// !$*UTF8*$!
{
	archiveVersion = 1;
	classes = {
	};
	objectVersion = 56;
	objects = {

/* Begin PBXBuildFile section */
		34546D3C49B13AB54EDBFAAB /* Pods_Guess_or_Pass.framework in Frameworks */ = {isa = PBXBuildFile; fileRef = 9A093E439C2412C5ECD335CE /* Pods_Guess_or_Pass.framework */; };
		3EEB47132BA4032E63501131 /* Pods_Guess_or_PassTests.framework in Frameworks */ = {isa = PBXBuildFile; fileRef = 075F01E090E340F78D458053 /* Pods_Guess_or_PassTests.framework */; };
		CF0A93602BD40D1700FBC32A /* LocalStorage.swift in Sources */ = {isa = PBXBuildFile; fileRef = CF0A935F2BD40D1700FBC32A /* LocalStorage.swift */; };
		CF0A93622BD40D8800FBC32A /* LocalStorageImpl.swift in Sources */ = {isa = PBXBuildFile; fileRef = CF0A93612BD40D8800FBC32A /* LocalStorageImpl.swift */; };
		CF0A93652BD40DC700FBC32A /* InjectionContainer.swift in Sources */ = {isa = PBXBuildFile; fileRef = CF0A93642BD40DC700FBC32A /* InjectionContainer.swift */; };
		CF0A93682BD4100D00FBC32A /* UserRepository.swift in Sources */ = {isa = PBXBuildFile; fileRef = CF0A93672BD4100D00FBC32A /* UserRepository.swift */; };
		CF0A936A2BD4107400FBC32A /* UserRepositoryImpl.swift in Sources */ = {isa = PBXBuildFile; fileRef = CF0A93692BD4107400FBC32A /* UserRepositoryImpl.swift */; };
		CF0A936D2BD421E800FBC32A /* ImagePicker.swift in Sources */ = {isa = PBXBuildFile; fileRef = CF0A936C2BD421E800FBC32A /* ImagePicker.swift */; };
		CF0A937B2BD43F4100FBC32A /* DatamuseApiSource.swift in Sources */ = {isa = PBXBuildFile; fileRef = CF0A937A2BD43F4100FBC32A /* DatamuseApiSource.swift */; };
		CF0A937E2BD43F5500FBC32A /* DatamuseApiSourceImpl.swift in Sources */ = {isa = PBXBuildFile; fileRef = CF0A937D2BD43F5500FBC32A /* DatamuseApiSourceImpl.swift */; };
		CF0A93802BD43F8200FBC32A /* WordsCategoryRequest.swift in Sources */ = {isa = PBXBuildFile; fileRef = CF0A937F2BD43F8200FBC32A /* WordsCategoryRequest.swift */; };
		CF0A93822BD4401F00FBC32A /* DatamuseWord.swift in Sources */ = {isa = PBXBuildFile; fileRef = CF0A93812BD4401F00FBC32A /* DatamuseWord.swift */; };
		CF0A93852BD440BC00FBC32A /* WordsRepository.swift in Sources */ = {isa = PBXBuildFile; fileRef = CF0A93842BD440BC00FBC32A /* WordsRepository.swift */; };
		CF0A93872BD440DD00FBC32A /* WordsRepositoryImpl.swift in Sources */ = {isa = PBXBuildFile; fileRef = CF0A93862BD440DD00FBC32A /* WordsRepositoryImpl.swift */; };
		CF0A938A2BD4412500FBC32A /* WordsCategory.swift in Sources */ = {isa = PBXBuildFile; fileRef = CF0A93892BD4412500FBC32A /* WordsCategory.swift */; };
		CF0A938C2BD44BA500FBC32A /* HomeViewModel.swift in Sources */ = {isa = PBXBuildFile; fileRef = CF0A938B2BD44BA500FBC32A /* HomeViewModel.swift */; };
		CF0A938E2BD44C9400FBC32A /* WordsCategoryView.swift in Sources */ = {isa = PBXBuildFile; fileRef = CF0A938D2BD44C9400FBC32A /* WordsCategoryView.swift */; };
		CF0A93942BD533A900FBC32A /* GameScreen.swift in Sources */ = {isa = PBXBuildFile; fileRef = CF0A93932BD533A900FBC32A /* GameScreen.swift */; };
		CF0A93962BD533B600FBC32A /* GameViewModel.swift in Sources */ = {isa = PBXBuildFile; fileRef = CF0A93952BD533B600FBC32A /* GameViewModel.swift */; };
		CF0A939A2BD563C800FBC32A /* OrientationInfo.swift in Sources */ = {isa = PBXBuildFile; fileRef = CF0A93992BD563C800FBC32A /* OrientationInfo.swift */; };
		CF0A939D2BD59CDD00FBC32A /* Extensions.swift in Sources */ = {isa = PBXBuildFile; fileRef = CF0A939C2BD59CDD00FBC32A /* Extensions.swift */; };
		CF0A93A02BD5B2F100FBC32A /* SettingsScreen.swift in Sources */ = {isa = PBXBuildFile; fileRef = CF0A939F2BD5B2F100FBC32A /* SettingsScreen.swift */; };
		CF0A93A42BD5B30B00FBC32A /* SettingsViewModel.swift in Sources */ = {isa = PBXBuildFile; fileRef = CF0A93A32BD5B30B00FBC32A /* SettingsViewModel.swift */; };
		CF0A93A62BD5BC2600FBC32A /* SettingsItem.swift in Sources */ = {isa = PBXBuildFile; fileRef = CF0A93A52BD5BC2600FBC32A /* SettingsItem.swift */; };
		CF0A93A92BD5BE2D00FBC32A /* GameNavigationType.swift in Sources */ = {isa = PBXBuildFile; fileRef = CF0A93A82BD5BE2C00FBC32A /* GameNavigationType.swift */; };
		CF0A93AD2BD5C65C00FBC32A /* SettingsListItem.swift in Sources */ = {isa = PBXBuildFile; fileRef = CF0A93AC2BD5C65C00FBC32A /* SettingsListItem.swift */; };
		CF1B09A12BD3D731001742A1 /* Guess_or_PassApp.swift in Sources */ = {isa = PBXBuildFile; fileRef = CF1B09A02BD3D731001742A1 /* Guess_or_PassApp.swift */; };
		CF1B09A32BD3D731001742A1 /* HomeScreen.swift in Sources */ = {isa = PBXBuildFile; fileRef = CF1B09A22BD3D731001742A1 /* HomeScreen.swift */; };
		CF1B09A52BD3D733001742A1 /* Assets.xcassets in Resources */ = {isa = PBXBuildFile; fileRef = CF1B09A42BD3D733001742A1 /* Assets.xcassets */; };
		CF1B09A82BD3D733001742A1 /* Preview Assets.xcassets in Resources */ = {isa = PBXBuildFile; fileRef = CF1B09A72BD3D733001742A1 /* Preview Assets.xcassets */; };
		CF1B09B22BD3D733001742A1 /* Guess_or_PassTests.swift in Sources */ = {isa = PBXBuildFile; fileRef = CF1B09B12BD3D733001742A1 /* Guess_or_PassTests.swift */; };
		CF1B09BC2BD3D733001742A1 /* Guess_or_PassUITests.swift in Sources */ = {isa = PBXBuildFile; fileRef = CF1B09BB2BD3D733001742A1 /* Guess_or_PassUITests.swift */; };
		CF1B09BE2BD3D733001742A1 /* Guess_or_PassUITestsLaunchTests.swift in Sources */ = {isa = PBXBuildFile; fileRef = CF1B09BD2BD3D733001742A1 /* Guess_or_PassUITestsLaunchTests.swift */; };
		CF1B09D12BD3DD6B001742A1 /* Router.swift in Sources */ = {isa = PBXBuildFile; fileRef = CF1B09D02BD3DD6B001742A1 /* Router.swift */; };
		CF4F52422BD3E7CD00CA9009 /* WelcomeScreen.swift in Sources */ = {isa = PBXBuildFile; fileRef = CF4F52412BD3E7CD00CA9009 /* WelcomeScreen.swift */; };
		CF4F52462BD3E7F900CA9009 /* WelcomeViewModel.swift in Sources */ = {isa = PBXBuildFile; fileRef = CF4F52452BD3E7F900CA9009 /* WelcomeViewModel.swift */; };
		D86067839A70C1111AE092E2 /* Pods_Guess_or_Pass_Guess_or_PassUITests.framework in Frameworks */ = {isa = PBXBuildFile; fileRef = 09848C22A4194D84F13E3705 /* Pods_Guess_or_Pass_Guess_or_PassUITests.framework */; };
/* End PBXBuildFile section */

/* Begin PBXContainerItemProxy section */
		CF1B09AE2BD3D733001742A1 /* PBXContainerItemProxy */ = {
			isa = PBXContainerItemProxy;
			containerPortal = CF1B09952BD3D731001742A1 /* Project object */;
			proxyType = 1;
			remoteGlobalIDString = CF1B099C2BD3D731001742A1;
			remoteInfo = "Guess or Pass";
		};
		CF1B09B82BD3D733001742A1 /* PBXContainerItemProxy */ = {
			isa = PBXContainerItemProxy;
			containerPortal = CF1B09952BD3D731001742A1 /* Project object */;
			proxyType = 1;
			remoteGlobalIDString = CF1B099C2BD3D731001742A1;
			remoteInfo = "Guess or Pass";
		};
/* End PBXContainerItemProxy section */

/* Begin PBXFileReference section */
		075F01E090E340F78D458053 /* Pods_Guess_or_PassTests.framework */ = {isa = PBXFileReference; explicitFileType = wrapper.framework; includeInIndex = 0; path = Pods_Guess_or_PassTests.framework; sourceTree = BUILT_PRODUCTS_DIR; };
		09848C22A4194D84F13E3705 /* Pods_Guess_or_Pass_Guess_or_PassUITests.framework */ = {isa = PBXFileReference; explicitFileType = wrapper.framework; includeInIndex = 0; path = Pods_Guess_or_Pass_Guess_or_PassUITests.framework; sourceTree = BUILT_PRODUCTS_DIR; };
		1FA36F173EC6897C7AE61B06 /* Pods-Guess or Pass.debug.xcconfig */ = {isa = PBXFileReference; includeInIndex = 1; lastKnownFileType = text.xcconfig; name = "Pods-Guess or Pass.debug.xcconfig"; path = "Target Support Files/Pods-Guess or Pass/Pods-Guess or Pass.debug.xcconfig"; sourceTree = "<group>"; };
		3F4C5C3C3BCEA23FFC8617DD /* Pods-Guess or Pass-Guess or PassUITests.release.xcconfig */ = {isa = PBXFileReference; includeInIndex = 1; lastKnownFileType = text.xcconfig; name = "Pods-Guess or Pass-Guess or PassUITests.release.xcconfig"; path = "Target Support Files/Pods-Guess or Pass-Guess or PassUITests/Pods-Guess or Pass-Guess or PassUITests.release.xcconfig"; sourceTree = "<group>"; };
		81E5BBF644F731E76DF9A69A /* Pods-Guess or Pass-Guess or PassUITests.debug.xcconfig */ = {isa = PBXFileReference; includeInIndex = 1; lastKnownFileType = text.xcconfig; name = "Pods-Guess or Pass-Guess or PassUITests.debug.xcconfig"; path = "Target Support Files/Pods-Guess or Pass-Guess or PassUITests/Pods-Guess or Pass-Guess or PassUITests.debug.xcconfig"; sourceTree = "<group>"; };
		9A093E439C2412C5ECD335CE /* Pods_Guess_or_Pass.framework */ = {isa = PBXFileReference; explicitFileType = wrapper.framework; includeInIndex = 0; path = Pods_Guess_or_Pass.framework; sourceTree = BUILT_PRODUCTS_DIR; };
		A5297E3219AB4EB92BB3FF73 /* Pods-Guess or Pass.release.xcconfig */ = {isa = PBXFileReference; includeInIndex = 1; lastKnownFileType = text.xcconfig; name = "Pods-Guess or Pass.release.xcconfig"; path = "Target Support Files/Pods-Guess or Pass/Pods-Guess or Pass.release.xcconfig"; sourceTree = "<group>"; };
		A8ECF45AD3D1A89B553B8EDA /* Pods-Guess or PassTests.release.xcconfig */ = {isa = PBXFileReference; includeInIndex = 1; lastKnownFileType = text.xcconfig; name = "Pods-Guess or PassTests.release.xcconfig"; path = "Target Support Files/Pods-Guess or PassTests/Pods-Guess or PassTests.release.xcconfig"; sourceTree = "<group>"; };
		CF0A935F2BD40D1700FBC32A /* LocalStorage.swift */ = {isa = PBXFileReference; lastKnownFileType = sourcecode.swift; path = LocalStorage.swift; sourceTree = "<group>"; };
		CF0A93612BD40D8800FBC32A /* LocalStorageImpl.swift */ = {isa = PBXFileReference; lastKnownFileType = sourcecode.swift; path = LocalStorageImpl.swift; sourceTree = "<group>"; };
		CF0A93642BD40DC700FBC32A /* InjectionContainer.swift */ = {isa = PBXFileReference; lastKnownFileType = sourcecode.swift; path = InjectionContainer.swift; sourceTree = "<group>"; };
		CF0A93672BD4100D00FBC32A /* UserRepository.swift */ = {isa = PBXFileReference; lastKnownFileType = sourcecode.swift; path = UserRepository.swift; sourceTree = "<group>"; };
		CF0A93692BD4107400FBC32A /* UserRepositoryImpl.swift */ = {isa = PBXFileReference; lastKnownFileType = sourcecode.swift; path = UserRepositoryImpl.swift; sourceTree = "<group>"; };
		CF0A936C2BD421E800FBC32A /* ImagePicker.swift */ = {isa = PBXFileReference; lastKnownFileType = sourcecode.swift; path = ImagePicker.swift; sourceTree = "<group>"; };
		CF0A937A2BD43F4100FBC32A /* DatamuseApiSource.swift */ = {isa = PBXFileReference; lastKnownFileType = sourcecode.swift; path = DatamuseApiSource.swift; sourceTree = "<group>"; };
		CF0A937D2BD43F5500FBC32A /* DatamuseApiSourceImpl.swift */ = {isa = PBXFileReference; lastKnownFileType = sourcecode.swift; path = DatamuseApiSourceImpl.swift; sourceTree = "<group>"; };
		CF0A937F2BD43F8200FBC32A /* WordsCategoryRequest.swift */ = {isa = PBXFileReference; lastKnownFileType = sourcecode.swift; path = WordsCategoryRequest.swift; sourceTree = "<group>"; };
		CF0A93812BD4401F00FBC32A /* DatamuseWord.swift */ = {isa = PBXFileReference; lastKnownFileType = sourcecode.swift; path = DatamuseWord.swift; sourceTree = "<group>"; };
		CF0A93842BD440BC00FBC32A /* WordsRepository.swift */ = {isa = PBXFileReference; lastKnownFileType = sourcecode.swift; path = WordsRepository.swift; sourceTree = "<group>"; };
		CF0A93862BD440DD00FBC32A /* WordsRepositoryImpl.swift */ = {isa = PBXFileReference; lastKnownFileType = sourcecode.swift; path = WordsRepositoryImpl.swift; sourceTree = "<group>"; };
		CF0A93892BD4412500FBC32A /* WordsCategory.swift */ = {isa = PBXFileReference; lastKnownFileType = sourcecode.swift; path = WordsCategory.swift; sourceTree = "<group>"; };
		CF0A938B2BD44BA500FBC32A /* HomeViewModel.swift */ = {isa = PBXFileReference; lastKnownFileType = sourcecode.swift; path = HomeViewModel.swift; sourceTree = "<group>"; };
		CF0A938D2BD44C9400FBC32A /* WordsCategoryView.swift */ = {isa = PBXFileReference; lastKnownFileType = sourcecode.swift; path = WordsCategoryView.swift; sourceTree = "<group>"; };
		CF0A93932BD533A900FBC32A /* GameScreen.swift */ = {isa = PBXFileReference; lastKnownFileType = sourcecode.swift; path = GameScreen.swift; sourceTree = "<group>"; };
		CF0A93952BD533B600FBC32A /* GameViewModel.swift */ = {isa = PBXFileReference; lastKnownFileType = sourcecode.swift; path = GameViewModel.swift; sourceTree = "<group>"; };
		CF0A93992BD563C800FBC32A /* OrientationInfo.swift */ = {isa = PBXFileReference; lastKnownFileType = sourcecode.swift; path = OrientationInfo.swift; sourceTree = "<group>"; };
		CF0A939C2BD59CDD00FBC32A /* Extensions.swift */ = {isa = PBXFileReference; lastKnownFileType = sourcecode.swift; path = Extensions.swift; sourceTree = "<group>"; };
		CF0A939F2BD5B2F100FBC32A /* SettingsScreen.swift */ = {isa = PBXFileReference; lastKnownFileType = sourcecode.swift; path = SettingsScreen.swift; sourceTree = "<group>"; };
		CF0A93A32BD5B30B00FBC32A /* SettingsViewModel.swift */ = {isa = PBXFileReference; lastKnownFileType = sourcecode.swift; path = SettingsViewModel.swift; sourceTree = "<group>"; };
		CF0A93A52BD5BC2600FBC32A /* SettingsItem.swift */ = {isa = PBXFileReference; lastKnownFileType = sourcecode.swift; path = SettingsItem.swift; sourceTree = "<group>"; };
		CF0A93A82BD5BE2C00FBC32A /* GameNavigationType.swift */ = {isa = PBXFileReference; lastKnownFileType = sourcecode.swift; path = GameNavigationType.swift; sourceTree = "<group>"; };
		CF0A93AC2BD5C65C00FBC32A /* SettingsListItem.swift */ = {isa = PBXFileReference; lastKnownFileType = sourcecode.swift; path = SettingsListItem.swift; sourceTree = "<group>"; };
		CF1B099D2BD3D731001742A1 /* Guess or Pass.app */ = {isa = PBXFileReference; explicitFileType = wrapper.application; includeInIndex = 0; path = "Guess or Pass.app"; sourceTree = BUILT_PRODUCTS_DIR; };
		CF1B09A02BD3D731001742A1 /* Guess_or_PassApp.swift */ = {isa = PBXFileReference; lastKnownFileType = sourcecode.swift; path = Guess_or_PassApp.swift; sourceTree = "<group>"; };
		CF1B09A22BD3D731001742A1 /* HomeScreen.swift */ = {isa = PBXFileReference; lastKnownFileType = sourcecode.swift; path = HomeScreen.swift; sourceTree = "<group>"; };
		CF1B09A42BD3D733001742A1 /* Assets.xcassets */ = {isa = PBXFileReference; lastKnownFileType = folder.assetcatalog; path = Assets.xcassets; sourceTree = "<group>"; };
		CF1B09A72BD3D733001742A1 /* Preview Assets.xcassets */ = {isa = PBXFileReference; lastKnownFileType = folder.assetcatalog; path = "Preview Assets.xcassets"; sourceTree = "<group>"; };
		CF1B09AD2BD3D733001742A1 /* Guess or PassTests.xctest */ = {isa = PBXFileReference; explicitFileType = wrapper.cfbundle; includeInIndex = 0; path = "Guess or PassTests.xctest"; sourceTree = BUILT_PRODUCTS_DIR; };
		CF1B09B12BD3D733001742A1 /* Guess_or_PassTests.swift */ = {isa = PBXFileReference; lastKnownFileType = sourcecode.swift; path = Guess_or_PassTests.swift; sourceTree = "<group>"; };
		CF1B09B72BD3D733001742A1 /* Guess or PassUITests.xctest */ = {isa = PBXFileReference; explicitFileType = wrapper.cfbundle; includeInIndex = 0; path = "Guess or PassUITests.xctest"; sourceTree = BUILT_PRODUCTS_DIR; };
		CF1B09BB2BD3D733001742A1 /* Guess_or_PassUITests.swift */ = {isa = PBXFileReference; lastKnownFileType = sourcecode.swift; path = Guess_or_PassUITests.swift; sourceTree = "<group>"; };
		CF1B09BD2BD3D733001742A1 /* Guess_or_PassUITestsLaunchTests.swift */ = {isa = PBXFileReference; lastKnownFileType = sourcecode.swift; path = Guess_or_PassUITestsLaunchTests.swift; sourceTree = "<group>"; };
		CF1B09D02BD3DD6B001742A1 /* Router.swift */ = {isa = PBXFileReference; lastKnownFileType = sourcecode.swift; path = Router.swift; sourceTree = "<group>"; };
		CF4F52412BD3E7CD00CA9009 /* WelcomeScreen.swift */ = {isa = PBXFileReference; lastKnownFileType = sourcecode.swift; path = WelcomeScreen.swift; sourceTree = "<group>"; };
		CF4F52452BD3E7F900CA9009 /* WelcomeViewModel.swift */ = {isa = PBXFileReference; lastKnownFileType = sourcecode.swift; path = WelcomeViewModel.swift; sourceTree = "<group>"; };
		F51893425C27616158C03E0F /* Pods-Guess or PassTests.debug.xcconfig */ = {isa = PBXFileReference; includeInIndex = 1; lastKnownFileType = text.xcconfig; name = "Pods-Guess or PassTests.debug.xcconfig"; path = "Target Support Files/Pods-Guess or PassTests/Pods-Guess or PassTests.debug.xcconfig"; sourceTree = "<group>"; };
/* End PBXFileReference section */

/* Begin PBXFrameworksBuildPhase section */
		CF1B099A2BD3D731001742A1 /* Frameworks */ = {
			isa = PBXFrameworksBuildPhase;
			buildActionMask = 2147483647;
			files = (
				34546D3C49B13AB54EDBFAAB /* Pods_Guess_or_Pass.framework in Frameworks */,
			);
			runOnlyForDeploymentPostprocessing = 0;
		};
		CF1B09AA2BD3D733001742A1 /* Frameworks */ = {
			isa = PBXFrameworksBuildPhase;
			buildActionMask = 2147483647;
			files = (
				3EEB47132BA4032E63501131 /* Pods_Guess_or_PassTests.framework in Frameworks */,
			);
			runOnlyForDeploymentPostprocessing = 0;
		};
		CF1B09B42BD3D733001742A1 /* Frameworks */ = {
			isa = PBXFrameworksBuildPhase;
			buildActionMask = 2147483647;
			files = (
				D86067839A70C1111AE092E2 /* Pods_Guess_or_Pass_Guess_or_PassUITests.framework in Frameworks */,
			);
			runOnlyForDeploymentPostprocessing = 0;
		};
/* End PBXFrameworksBuildPhase section */

/* Begin PBXGroup section */
		C9613C4F4ED5E0BAAF9B1761 /* Pods */ = {
			isa = PBXGroup;
			children = (
				1FA36F173EC6897C7AE61B06 /* Pods-Guess or Pass.debug.xcconfig */,
				A5297E3219AB4EB92BB3FF73 /* Pods-Guess or Pass.release.xcconfig */,
				81E5BBF644F731E76DF9A69A /* Pods-Guess or Pass-Guess or PassUITests.debug.xcconfig */,
				3F4C5C3C3BCEA23FFC8617DD /* Pods-Guess or Pass-Guess or PassUITests.release.xcconfig */,
				F51893425C27616158C03E0F /* Pods-Guess or PassTests.debug.xcconfig */,
				A8ECF45AD3D1A89B553B8EDA /* Pods-Guess or PassTests.release.xcconfig */,
			);
			path = Pods;
			sourceTree = "<group>";
		};
		CF0A935E2BD40CDE00FBC32A /* local */ = {
			isa = PBXGroup;
			children = (
				CF0A935F2BD40D1700FBC32A /* LocalStorage.swift */,
				CF0A93612BD40D8800FBC32A /* LocalStorageImpl.swift */,
			);
			path = local;
			sourceTree = "<group>";
		};
		CF0A93632BD40DB700FBC32A /* di */ = {
			isa = PBXGroup;
			children = (
				CF0A93642BD40DC700FBC32A /* InjectionContainer.swift */,
			);
			path = di;
			sourceTree = "<group>";
		};
		CF0A93662BD40FA200FBC32A /* user */ = {
			isa = PBXGroup;
			children = (
				CF0A93A72BD5BE0A00FBC32A /* models */,
				CF0A93672BD4100D00FBC32A /* UserRepository.swift */,
				CF0A93692BD4107400FBC32A /* UserRepositoryImpl.swift */,
			);
			path = user;
			sourceTree = "<group>";
		};
		CF0A936B2BD421D900FBC32A /* views */ = {
			isa = PBXGroup;
			children = (
				CF0A936C2BD421E800FBC32A /* ImagePicker.swift */,
				CF0A938D2BD44C9400FBC32A /* WordsCategoryView.swift */,
				CF0A93AC2BD5C65C00FBC32A /* SettingsListItem.swift */,
			);
			path = views;
			sourceTree = "<group>";
		};
		CF0A93792BD43EC800FBC32A /* remote */ = {
			isa = PBXGroup;
			children = (
				CF0A937C2BD43F4700FBC32A /* models */,
				CF0A937A2BD43F4100FBC32A /* DatamuseApiSource.swift */,
				CF0A937D2BD43F5500FBC32A /* DatamuseApiSourceImpl.swift */,
			);
			path = remote;
			sourceTree = "<group>";
		};
		CF0A937C2BD43F4700FBC32A /* models */ = {
			isa = PBXGroup;
			children = (
				CF0A937F2BD43F8200FBC32A /* WordsCategoryRequest.swift */,
				CF0A93812BD4401F00FBC32A /* DatamuseWord.swift */,
			);
			path = models;
			sourceTree = "<group>";
		};
		CF0A93832BD4409D00FBC32A /* words */ = {
			isa = PBXGroup;
			children = (
				CF0A93882BD440E200FBC32A /* models */,
				CF0A93842BD440BC00FBC32A /* WordsRepository.swift */,
				CF0A93862BD440DD00FBC32A /* WordsRepositoryImpl.swift */,
			);
			path = words;
			sourceTree = "<group>";
		};
		CF0A93882BD440E200FBC32A /* models */ = {
			isa = PBXGroup;
			children = (
				CF0A93892BD4412500FBC32A /* WordsCategory.swift */,
			);
			path = models;
			sourceTree = "<group>";
		};
		CF0A93912BD52F5B00FBC32A /* navigation */ = {
			isa = PBXGroup;
			children = (
				CF1B09D02BD3DD6B001742A1 /* Router.swift */,
			);
			path = navigation;
			sourceTree = "<group>";
		};
		CF0A93922BD5339600FBC32A /* game */ = {
			isa = PBXGroup;
			children = (
				CF0A93932BD533A900FBC32A /* GameScreen.swift */,
				CF0A93952BD533B600FBC32A /* GameViewModel.swift */,
			);
			path = game;
			sourceTree = "<group>";
		};
		CF0A939B2BD5643000FBC32A /* utils */ = {
			isa = PBXGroup;
			children = (
				CF0A93992BD563C800FBC32A /* OrientationInfo.swift */,
				CF0A939C2BD59CDD00FBC32A /* Extensions.swift */,
			);
			path = utils;
			sourceTree = "<group>";
		};
		CF0A939E2BD5B2E600FBC32A /* settings */ = {
			isa = PBXGroup;
			children = (
				CF0A939F2BD5B2F100FBC32A /* SettingsScreen.swift */,
				CF0A93A32BD5B30B00FBC32A /* SettingsViewModel.swift */,
				CF0A93A52BD5BC2600FBC32A /* SettingsItem.swift */,
			);
			path = settings;
			sourceTree = "<group>";
		};
		CF0A93A72BD5BE0A00FBC32A /* models */ = {
			isa = PBXGroup;
			children = (
				CF0A93A82BD5BE2C00FBC32A /* GameNavigationType.swift */,
			);
			path = models;
			sourceTree = "<group>";
		};
		CF1B09942BD3D731001742A1 = {
			isa = PBXGroup;
			children = (
				CF1B099F2BD3D731001742A1 /* Guess or Pass */,
				CF1B09B02BD3D733001742A1 /* Guess or PassTests */,
				CF1B09BA2BD3D733001742A1 /* Guess or PassUITests */,
				CF1B099E2BD3D731001742A1 /* Products */,
				C9613C4F4ED5E0BAAF9B1761 /* Pods */,
				DC46B810ADA4D5438D5C3996 /* Frameworks */,
			);
			sourceTree = "<group>";
		};
		CF1B099E2BD3D731001742A1 /* Products */ = {
			isa = PBXGroup;
			children = (
				CF1B099D2BD3D731001742A1 /* Guess or Pass.app */,
				CF1B09AD2BD3D733001742A1 /* Guess or PassTests.xctest */,
				CF1B09B72BD3D733001742A1 /* Guess or PassUITests.xctest */,
			);
			name = Products;
			sourceTree = "<group>";
		};
		CF1B099F2BD3D731001742A1 /* Guess or Pass */ = {
			isa = PBXGroup;
			children = (
				CF0A93632BD40DB700FBC32A /* di */,
				CF1B09CB2BD3DD05001742A1 /* data */,
				CF1B09CC2BD3DD0D001742A1 /* domain */,
				CF1B09CA2BD3DCFD001742A1 /* ui */,
				CF1B09A42BD3D733001742A1 /* Assets.xcassets */,
				CF1B09A62BD3D733001742A1 /* Preview Content */,
			);
			path = "Guess or Pass";
			sourceTree = "<group>";
		};
		CF1B09A62BD3D733001742A1 /* Preview Content */ = {
			isa = PBXGroup;
			children = (
				CF1B09A72BD3D733001742A1 /* Preview Assets.xcassets */,
			);
			path = "Preview Content";
			sourceTree = "<group>";
		};
		CF1B09B02BD3D733001742A1 /* Guess or PassTests */ = {
			isa = PBXGroup;
			children = (
				CF1B09B12BD3D733001742A1 /* Guess_or_PassTests.swift */,
			);
			path = "Guess or PassTests";
			sourceTree = "<group>";
		};
		CF1B09BA2BD3D733001742A1 /* Guess or PassUITests */ = {
			isa = PBXGroup;
			children = (
				CF1B09BB2BD3D733001742A1 /* Guess_or_PassUITests.swift */,
				CF1B09BD2BD3D733001742A1 /* Guess_or_PassUITestsLaunchTests.swift */,
			);
			path = "Guess or PassUITests";
			sourceTree = "<group>";
		};
		CF1B09CA2BD3DCFD001742A1 /* ui */ = {
			isa = PBXGroup;
			children = (
				CF1B09D22BD3DE5E001742A1 /* screens */,
				CF1B09CF2BD3DD5D001742A1 /* shared */,
				CF1B09A02BD3D731001742A1 /* Guess_or_PassApp.swift */,
			);
			path = ui;
			sourceTree = "<group>";
		};
		CF1B09CB2BD3DD05001742A1 /* data */ = {
			isa = PBXGroup;
			children = (
				CF0A93792BD43EC800FBC32A /* remote */,
				CF0A935E2BD40CDE00FBC32A /* local */,
			);
			path = data;
			sourceTree = "<group>";
		};
		CF1B09CC2BD3DD0D001742A1 /* domain */ = {
			isa = PBXGroup;
			children = (
				CF0A93832BD4409D00FBC32A /* words */,
				CF0A93662BD40FA200FBC32A /* user */,
			);
			path = domain;
			sourceTree = "<group>";
		};
		CF1B09CF2BD3DD5D001742A1 /* shared */ = {
			isa = PBXGroup;
			children = (
				CF0A939B2BD5643000FBC32A /* utils */,
				CF0A93912BD52F5B00FBC32A /* navigation */,
				CF0A936B2BD421D900FBC32A /* views */,
			);
			path = shared;
			sourceTree = "<group>";
		};
		CF1B09D22BD3DE5E001742A1 /* screens */ = {
			isa = PBXGroup;
			children = (
				CF0A939E2BD5B2E600FBC32A /* settings */,
				CF0A93922BD5339600FBC32A /* game */,
				CF4F52442BD3E7E100CA9009 /* welcome */,
				CF4F52432BD3E7D300CA9009 /* home */,
			);
			path = screens;
			sourceTree = "<group>";
		};
		CF4F52432BD3E7D300CA9009 /* home */ = {
			isa = PBXGroup;
			children = (
				CF1B09A22BD3D731001742A1 /* HomeScreen.swift */,
				CF0A938B2BD44BA500FBC32A /* HomeViewModel.swift */,
			);
			path = home;
			sourceTree = "<group>";
		};
		CF4F52442BD3E7E100CA9009 /* welcome */ = {
			isa = PBXGroup;
			children = (
				CF4F52412BD3E7CD00CA9009 /* WelcomeScreen.swift */,
				CF4F52452BD3E7F900CA9009 /* WelcomeViewModel.swift */,
			);
			path = welcome;
			sourceTree = "<group>";
		};
		DC46B810ADA4D5438D5C3996 /* Frameworks */ = {
			isa = PBXGroup;
			children = (
				9A093E439C2412C5ECD335CE /* Pods_Guess_or_Pass.framework */,
				09848C22A4194D84F13E3705 /* Pods_Guess_or_Pass_Guess_or_PassUITests.framework */,
				075F01E090E340F78D458053 /* Pods_Guess_or_PassTests.framework */,
			);
			name = Frameworks;
			sourceTree = "<group>";
		};
/* End PBXGroup section */

/* Begin PBXNativeTarget section */
		CF1B099C2BD3D731001742A1 /* Guess or Pass */ = {
			isa = PBXNativeTarget;
			buildConfigurationList = CF1B09C12BD3D733001742A1 /* Build configuration list for PBXNativeTarget "Guess or Pass" */;
			buildPhases = (
				FB8E748CA8E4286F45A05174 /* [CP] Check Pods Manifest.lock */,
				CF1B09992BD3D731001742A1 /* Sources */,
				CF1B099A2BD3D731001742A1 /* Frameworks */,
				CF1B099B2BD3D731001742A1 /* Resources */,
				0554FBDA65BA0D99BAD1B10A /* [CP] Embed Pods Frameworks */,
			);
			buildRules = (
			);
			dependencies = (
			);
			name = "Guess or Pass";
			productName = "Guess or Pass";
			productReference = CF1B099D2BD3D731001742A1 /* Guess or Pass.app */;
			productType = "com.apple.product-type.application";
		};
		CF1B09AC2BD3D733001742A1 /* Guess or PassTests */ = {
			isa = PBXNativeTarget;
			buildConfigurationList = CF1B09C42BD3D733001742A1 /* Build configuration list for PBXNativeTarget "Guess or PassTests" */;
			buildPhases = (
				F70E7C964B8A99A8412952F2 /* [CP] Check Pods Manifest.lock */,
				CF1B09A92BD3D733001742A1 /* Sources */,
				CF1B09AA2BD3D733001742A1 /* Frameworks */,
				CF1B09AB2BD3D733001742A1 /* Resources */,
			);
			buildRules = (
			);
			dependencies = (
				CF1B09AF2BD3D733001742A1 /* PBXTargetDependency */,
			);
			name = "Guess or PassTests";
			productName = "Guess or PassTests";
			productReference = CF1B09AD2BD3D733001742A1 /* Guess or PassTests.xctest */;
			productType = "com.apple.product-type.bundle.unit-test";
		};
		CF1B09B62BD3D733001742A1 /* Guess or PassUITests */ = {
			isa = PBXNativeTarget;
			buildConfigurationList = CF1B09C72BD3D733001742A1 /* Build configuration list for PBXNativeTarget "Guess or PassUITests" */;
			buildPhases = (
				4CF86F0F1C168C33212D4ADB /* [CP] Check Pods Manifest.lock */,
				CF1B09B32BD3D733001742A1 /* Sources */,
				CF1B09B42BD3D733001742A1 /* Frameworks */,
				CF1B09B52BD3D733001742A1 /* Resources */,
				FF5F8CF0DC3C6C2B51818456 /* [CP] Embed Pods Frameworks */,
			);
			buildRules = (
			);
			dependencies = (
				CF1B09B92BD3D733001742A1 /* PBXTargetDependency */,
			);
			name = "Guess or PassUITests";
			productName = "Guess or PassUITests";
			productReference = CF1B09B72BD3D733001742A1 /* Guess or PassUITests.xctest */;
			productType = "com.apple.product-type.bundle.ui-testing";
		};
/* End PBXNativeTarget section */

/* Begin PBXProject section */
		CF1B09952BD3D731001742A1 /* Project object */ = {
			isa = PBXProject;
			attributes = {
				BuildIndependentTargetsInParallel = 1;
				LastSwiftUpdateCheck = 1530;
				LastUpgradeCheck = 1530;
				TargetAttributes = {
					CF1B099C2BD3D731001742A1 = {
						CreatedOnToolsVersion = 15.3;
					};
					CF1B09AC2BD3D733001742A1 = {
						CreatedOnToolsVersion = 15.3;
						TestTargetID = CF1B099C2BD3D731001742A1;
					};
					CF1B09B62BD3D733001742A1 = {
						CreatedOnToolsVersion = 15.3;
						TestTargetID = CF1B099C2BD3D731001742A1;
					};
				};
			};
			buildConfigurationList = CF1B09982BD3D731001742A1 /* Build configuration list for PBXProject "Guess or Pass" */;
			compatibilityVersion = "Xcode 14.0";
			developmentRegion = en;
			hasScannedForEncodings = 0;
			knownRegions = (
				en,
				Base,
			);
			mainGroup = CF1B09942BD3D731001742A1;
			productRefGroup = CF1B099E2BD3D731001742A1 /* Products */;
			projectDirPath = "";
			projectRoot = "";
			targets = (
				CF1B099C2BD3D731001742A1 /* Guess or Pass */,
				CF1B09AC2BD3D733001742A1 /* Guess or PassTests */,
				CF1B09B62BD3D733001742A1 /* Guess or PassUITests */,
			);
		};
/* End PBXProject section */

/* Begin PBXResourcesBuildPhase section */
		CF1B099B2BD3D731001742A1 /* Resources */ = {
			isa = PBXResourcesBuildPhase;
			buildActionMask = 2147483647;
			files = (
				CF1B09A82BD3D733001742A1 /* Preview Assets.xcassets in Resources */,
				CF1B09A52BD3D733001742A1 /* Assets.xcassets in Resources */,
			);
			runOnlyForDeploymentPostprocessing = 0;
		};
		CF1B09AB2BD3D733001742A1 /* Resources */ = {
			isa = PBXResourcesBuildPhase;
			buildActionMask = 2147483647;
			files = (
			);
			runOnlyForDeploymentPostprocessing = 0;
		};
		CF1B09B52BD3D733001742A1 /* Resources */ = {
			isa = PBXResourcesBuildPhase;
			buildActionMask = 2147483647;
			files = (
			);
			runOnlyForDeploymentPostprocessing = 0;
		};
/* End PBXResourcesBuildPhase section */

/* Begin PBXShellScriptBuildPhase section */
		0554FBDA65BA0D99BAD1B10A /* [CP] Embed Pods Frameworks */ = {
			isa = PBXShellScriptBuildPhase;
			buildActionMask = 2147483647;
			files = (
			);
			inputFileListPaths = (
				"${PODS_ROOT}/Target Support Files/Pods-Guess or Pass/Pods-Guess or Pass-frameworks-${CONFIGURATION}-input-files.xcfilelist",
			);
			name = "[CP] Embed Pods Frameworks";
			outputFileListPaths = (
				"${PODS_ROOT}/Target Support Files/Pods-Guess or Pass/Pods-Guess or Pass-frameworks-${CONFIGURATION}-output-files.xcfilelist",
			);
			runOnlyForDeploymentPostprocessing = 0;
			shellPath = /bin/sh;
			shellScript = "\"${PODS_ROOT}/Target Support Files/Pods-Guess or Pass/Pods-Guess or Pass-frameworks.sh\"\n";
			showEnvVarsInLog = 0;
		};
		4CF86F0F1C168C33212D4ADB /* [CP] Check Pods Manifest.lock */ = {
			isa = PBXShellScriptBuildPhase;
			buildActionMask = 2147483647;
			files = (
			);
			inputFileListPaths = (
			);
			inputPaths = (
				"${PODS_PODFILE_DIR_PATH}/Podfile.lock",
				"${PODS_ROOT}/Manifest.lock",
			);
			name = "[CP] Check Pods Manifest.lock";
			outputFileListPaths = (
			);
			outputPaths = (
				"$(DERIVED_FILE_DIR)/Pods-Guess or Pass-Guess or PassUITests-checkManifestLockResult.txt",
			);
			runOnlyForDeploymentPostprocessing = 0;
			shellPath = /bin/sh;
			shellScript = "diff \"${PODS_PODFILE_DIR_PATH}/Podfile.lock\" \"${PODS_ROOT}/Manifest.lock\" > /dev/null\nif [ $? != 0 ] ; then\n    # print error to STDERR\n    echo \"error: The sandbox is not in sync with the Podfile.lock. Run 'pod install' or update your CocoaPods installation.\" >&2\n    exit 1\nfi\n# This output is used by Xcode 'outputs' to avoid re-running this script phase.\necho \"SUCCESS\" > \"${SCRIPT_OUTPUT_FILE_0}\"\n";
			showEnvVarsInLog = 0;
		};
		F70E7C964B8A99A8412952F2 /* [CP] Check Pods Manifest.lock */ = {
			isa = PBXShellScriptBuildPhase;
			buildActionMask = 2147483647;
			files = (
			);
			inputFileListPaths = (
			);
			inputPaths = (
				"${PODS_PODFILE_DIR_PATH}/Podfile.lock",
				"${PODS_ROOT}/Manifest.lock",
			);
			name = "[CP] Check Pods Manifest.lock";
			outputFileListPaths = (
			);
			outputPaths = (
				"$(DERIVED_FILE_DIR)/Pods-Guess or PassTests-checkManifestLockResult.txt",
			);
			runOnlyForDeploymentPostprocessing = 0;
			shellPath = /bin/sh;
			shellScript = "diff \"${PODS_PODFILE_DIR_PATH}/Podfile.lock\" \"${PODS_ROOT}/Manifest.lock\" > /dev/null\nif [ $? != 0 ] ; then\n    # print error to STDERR\n    echo \"error: The sandbox is not in sync with the Podfile.lock. Run 'pod install' or update your CocoaPods installation.\" >&2\n    exit 1\nfi\n# This output is used by Xcode 'outputs' to avoid re-running this script phase.\necho \"SUCCESS\" > \"${SCRIPT_OUTPUT_FILE_0}\"\n";
			showEnvVarsInLog = 0;
		};
		FB8E748CA8E4286F45A05174 /* [CP] Check Pods Manifest.lock */ = {
			isa = PBXShellScriptBuildPhase;
			buildActionMask = 2147483647;
			files = (
			);
			inputFileListPaths = (
			);
			inputPaths = (
				"${PODS_PODFILE_DIR_PATH}/Podfile.lock",
				"${PODS_ROOT}/Manifest.lock",
			);
			name = "[CP] Check Pods Manifest.lock";
			outputFileListPaths = (
			);
			outputPaths = (
				"$(DERIVED_FILE_DIR)/Pods-Guess or Pass-checkManifestLockResult.txt",
			);
			runOnlyForDeploymentPostprocessing = 0;
			shellPath = /bin/sh;
			shellScript = "diff \"${PODS_PODFILE_DIR_PATH}/Podfile.lock\" \"${PODS_ROOT}/Manifest.lock\" > /dev/null\nif [ $? != 0 ] ; then\n    # print error to STDERR\n    echo \"error: The sandbox is not in sync with the Podfile.lock. Run 'pod install' or update your CocoaPods installation.\" >&2\n    exit 1\nfi\n# This output is used by Xcode 'outputs' to avoid re-running this script phase.\necho \"SUCCESS\" > \"${SCRIPT_OUTPUT_FILE_0}\"\n";
			showEnvVarsInLog = 0;
		};
		FF5F8CF0DC3C6C2B51818456 /* [CP] Embed Pods Frameworks */ = {
			isa = PBXShellScriptBuildPhase;
			buildActionMask = 2147483647;
			files = (
			);
			inputFileListPaths = (
				"${PODS_ROOT}/Target Support Files/Pods-Guess or Pass-Guess or PassUITests/Pods-Guess or Pass-Guess or PassUITests-frameworks-${CONFIGURATION}-input-files.xcfilelist",
			);
			name = "[CP] Embed Pods Frameworks";
			outputFileListPaths = (
				"${PODS_ROOT}/Target Support Files/Pods-Guess or Pass-Guess or PassUITests/Pods-Guess or Pass-Guess or PassUITests-frameworks-${CONFIGURATION}-output-files.xcfilelist",
			);
			runOnlyForDeploymentPostprocessing = 0;
			shellPath = /bin/sh;
			shellScript = "\"${PODS_ROOT}/Target Support Files/Pods-Guess or Pass-Guess or PassUITests/Pods-Guess or Pass-Guess or PassUITests-frameworks.sh\"\n";
			showEnvVarsInLog = 0;
		};
/* End PBXShellScriptBuildPhase section */

/* Begin PBXSourcesBuildPhase section */
		CF1B09992BD3D731001742A1 /* Sources */ = {
			isa = PBXSourcesBuildPhase;
			buildActionMask = 2147483647;
			files = (
				CF0A938C2BD44BA500FBC32A /* HomeViewModel.swift in Sources */,
				CF1B09A32BD3D731001742A1 /* HomeScreen.swift in Sources */,
				CF0A93652BD40DC700FBC32A /* InjectionContainer.swift in Sources */,
				CF0A93A02BD5B2F100FBC32A /* SettingsScreen.swift in Sources */,
				CF0A93682BD4100D00FBC32A /* UserRepository.swift in Sources */,
				CF0A936D2BD421E800FBC32A /* ImagePicker.swift in Sources */,
				CF0A937E2BD43F5500FBC32A /* DatamuseApiSourceImpl.swift in Sources */,
				CF0A93A92BD5BE2D00FBC32A /* GameNavigationType.swift in Sources */,
				CF0A938E2BD44C9400FBC32A /* WordsCategoryView.swift in Sources */,
				CF0A93802BD43F8200FBC32A /* WordsCategoryRequest.swift in Sources */,
				CF4F52462BD3E7F900CA9009 /* WelcomeViewModel.swift in Sources */,
				CF0A93AD2BD5C65C00FBC32A /* SettingsListItem.swift in Sources */,
				CF0A938A2BD4412500FBC32A /* WordsCategory.swift in Sources */,
				CF0A93822BD4401F00FBC32A /* DatamuseWord.swift in Sources */,
				CF1B09D12BD3DD6B001742A1 /* Router.swift in Sources */,
				CF4F52422BD3E7CD00CA9009 /* WelcomeScreen.swift in Sources */,
				CF0A936A2BD4107400FBC32A /* UserRepositoryImpl.swift in Sources */,
				CF0A93962BD533B600FBC32A /* GameViewModel.swift in Sources */,
				CF0A939A2BD563C800FBC32A /* OrientationInfo.swift in Sources */,
				CF1B09A12BD3D731001742A1 /* Guess_or_PassApp.swift in Sources */,
				CF0A937B2BD43F4100FBC32A /* DatamuseApiSource.swift in Sources */,
				CF0A93622BD40D8800FBC32A /* LocalStorageImpl.swift in Sources */,
				CF0A939D2BD59CDD00FBC32A /* Extensions.swift in Sources */,
				CF0A93A42BD5B30B00FBC32A /* SettingsViewModel.swift in Sources */,
				CF0A93602BD40D1700FBC32A /* LocalStorage.swift in Sources */,
				CF0A93852BD440BC00FBC32A /* WordsRepository.swift in Sources */,
				CF0A93942BD533A900FBC32A /* GameScreen.swift in Sources */,
				CF0A93872BD440DD00FBC32A /* WordsRepositoryImpl.swift in Sources */,
				CF0A93A62BD5BC2600FBC32A /* SettingsItem.swift in Sources */,
			);
			runOnlyForDeploymentPostprocessing = 0;
		};
		CF1B09A92BD3D733001742A1 /* Sources */ = {
			isa = PBXSourcesBuildPhase;
			buildActionMask = 2147483647;
			files = (
				CF1B09B22BD3D733001742A1 /* Guess_or_PassTests.swift in Sources */,
			);
			runOnlyForDeploymentPostprocessing = 0;
		};
		CF1B09B32BD3D733001742A1 /* Sources */ = {
			isa = PBXSourcesBuildPhase;
			buildActionMask = 2147483647;
			files = (
				CF1B09BE2BD3D733001742A1 /* Guess_or_PassUITestsLaunchTests.swift in Sources */,
				CF1B09BC2BD3D733001742A1 /* Guess_or_PassUITests.swift in Sources */,
			);
			runOnlyForDeploymentPostprocessing = 0;
		};
/* End PBXSourcesBuildPhase section */

/* Begin PBXTargetDependency section */
		CF1B09AF2BD3D733001742A1 /* PBXTargetDependency */ = {
			isa = PBXTargetDependency;
			target = CF1B099C2BD3D731001742A1 /* Guess or Pass */;
			targetProxy = CF1B09AE2BD3D733001742A1 /* PBXContainerItemProxy */;
		};
		CF1B09B92BD3D733001742A1 /* PBXTargetDependency */ = {
			isa = PBXTargetDependency;
			target = CF1B099C2BD3D731001742A1 /* Guess or Pass */;
			targetProxy = CF1B09B82BD3D733001742A1 /* PBXContainerItemProxy */;
		};
/* End PBXTargetDependency section */

/* Begin XCBuildConfiguration section */
		CF1B09BF2BD3D733001742A1 /* Debug */ = {
			isa = XCBuildConfiguration;
			buildSettings = {
				ALWAYS_SEARCH_USER_PATHS = NO;
				ASSETCATALOG_COMPILER_GENERATE_SWIFT_ASSET_SYMBOL_EXTENSIONS = YES;
				CLANG_ANALYZER_NONNULL = YES;
				CLANG_ANALYZER_NUMBER_OBJECT_CONVERSION = YES_AGGRESSIVE;
				CLANG_CXX_LANGUAGE_STANDARD = "gnu++20";
				CLANG_ENABLE_MODULES = YES;
				CLANG_ENABLE_OBJC_ARC = YES;
				CLANG_ENABLE_OBJC_WEAK = YES;
				CLANG_WARN_BLOCK_CAPTURE_AUTORELEASING = YES;
				CLANG_WARN_BOOL_CONVERSION = YES;
				CLANG_WARN_COMMA = YES;
				CLANG_WARN_CONSTANT_CONVERSION = YES;
				CLANG_WARN_DEPRECATED_OBJC_IMPLEMENTATIONS = YES;
				CLANG_WARN_DIRECT_OBJC_ISA_USAGE = YES_ERROR;
				CLANG_WARN_DOCUMENTATION_COMMENTS = YES;
				CLANG_WARN_EMPTY_BODY = YES;
				CLANG_WARN_ENUM_CONVERSION = YES;
				CLANG_WARN_INFINITE_RECURSION = YES;
				CLANG_WARN_INT_CONVERSION = YES;
				CLANG_WARN_NON_LITERAL_NULL_CONVERSION = YES;
				CLANG_WARN_OBJC_IMPLICIT_RETAIN_SELF = YES;
				CLANG_WARN_OBJC_LITERAL_CONVERSION = YES;
				CLANG_WARN_OBJC_ROOT_CLASS = YES_ERROR;
				CLANG_WARN_QUOTED_INCLUDE_IN_FRAMEWORK_HEADER = YES;
				CLANG_WARN_RANGE_LOOP_ANALYSIS = YES;
				CLANG_WARN_STRICT_PROTOTYPES = YES;
				CLANG_WARN_SUSPICIOUS_MOVE = YES;
				CLANG_WARN_UNGUARDED_AVAILABILITY = YES_AGGRESSIVE;
				CLANG_WARN_UNREACHABLE_CODE = YES;
				CLANG_WARN__DUPLICATE_METHOD_MATCH = YES;
				COPY_PHASE_STRIP = NO;
				DEBUG_INFORMATION_FORMAT = dwarf;
				ENABLE_STRICT_OBJC_MSGSEND = YES;
				ENABLE_TESTABILITY = YES;
				ENABLE_USER_SCRIPT_SANDBOXING = YES;
				GCC_C_LANGUAGE_STANDARD = gnu17;
				GCC_DYNAMIC_NO_PIC = NO;
				GCC_NO_COMMON_BLOCKS = YES;
				GCC_OPTIMIZATION_LEVEL = 0;
				GCC_PREPROCESSOR_DEFINITIONS = (
					"DEBUG=1",
					"$(inherited)",
				);
				GCC_WARN_64_TO_32_BIT_CONVERSION = YES;
				GCC_WARN_ABOUT_RETURN_TYPE = YES_ERROR;
				GCC_WARN_UNDECLARED_SELECTOR = YES;
				GCC_WARN_UNINITIALIZED_AUTOS = YES_AGGRESSIVE;
				GCC_WARN_UNUSED_FUNCTION = YES;
				GCC_WARN_UNUSED_VARIABLE = YES;
				IPHONEOS_DEPLOYMENT_TARGET = 17.4;
				LOCALIZATION_PREFERS_STRING_CATALOGS = YES;
				MTL_ENABLE_DEBUG_INFO = INCLUDE_SOURCE;
				MTL_FAST_MATH = YES;
				ONLY_ACTIVE_ARCH = YES;
				SDKROOT = iphoneos;
				SWIFT_ACTIVE_COMPILATION_CONDITIONS = "DEBUG $(inherited)";
				SWIFT_OPTIMIZATION_LEVEL = "-Onone";
			};
			name = Debug;
		};
		CF1B09C02BD3D733001742A1 /* Release */ = {
			isa = XCBuildConfiguration;
			buildSettings = {
				ALWAYS_SEARCH_USER_PATHS = NO;
				ASSETCATALOG_COMPILER_GENERATE_SWIFT_ASSET_SYMBOL_EXTENSIONS = YES;
				CLANG_ANALYZER_NONNULL = YES;
				CLANG_ANALYZER_NUMBER_OBJECT_CONVERSION = YES_AGGRESSIVE;
				CLANG_CXX_LANGUAGE_STANDARD = "gnu++20";
				CLANG_ENABLE_MODULES = YES;
				CLANG_ENABLE_OBJC_ARC = YES;
				CLANG_ENABLE_OBJC_WEAK = YES;
				CLANG_WARN_BLOCK_CAPTURE_AUTORELEASING = YES;
				CLANG_WARN_BOOL_CONVERSION = YES;
				CLANG_WARN_COMMA = YES;
				CLANG_WARN_CONSTANT_CONVERSION = YES;
				CLANG_WARN_DEPRECATED_OBJC_IMPLEMENTATIONS = YES;
				CLANG_WARN_DIRECT_OBJC_ISA_USAGE = YES_ERROR;
				CLANG_WARN_DOCUMENTATION_COMMENTS = YES;
				CLANG_WARN_EMPTY_BODY = YES;
				CLANG_WARN_ENUM_CONVERSION = YES;
				CLANG_WARN_INFINITE_RECURSION = YES;
				CLANG_WARN_INT_CONVERSION = YES;
				CLANG_WARN_NON_LITERAL_NULL_CONVERSION = YES;
				CLANG_WARN_OBJC_IMPLICIT_RETAIN_SELF = YES;
				CLANG_WARN_OBJC_LITERAL_CONVERSION = YES;
				CLANG_WARN_OBJC_ROOT_CLASS = YES_ERROR;
				CLANG_WARN_QUOTED_INCLUDE_IN_FRAMEWORK_HEADER = YES;
				CLANG_WARN_RANGE_LOOP_ANALYSIS = YES;
				CLANG_WARN_STRICT_PROTOTYPES = YES;
				CLANG_WARN_SUSPICIOUS_MOVE = YES;
				CLANG_WARN_UNGUARDED_AVAILABILITY = YES_AGGRESSIVE;
				CLANG_WARN_UNREACHABLE_CODE = YES;
				CLANG_WARN__DUPLICATE_METHOD_MATCH = YES;
				COPY_PHASE_STRIP = NO;
				DEBUG_INFORMATION_FORMAT = "dwarf-with-dsym";
				ENABLE_NS_ASSERTIONS = NO;
				ENABLE_STRICT_OBJC_MSGSEND = YES;
				ENABLE_USER_SCRIPT_SANDBOXING = YES;
				GCC_C_LANGUAGE_STANDARD = gnu17;
				GCC_NO_COMMON_BLOCKS = YES;
				GCC_WARN_64_TO_32_BIT_CONVERSION = YES;
				GCC_WARN_ABOUT_RETURN_TYPE = YES_ERROR;
				GCC_WARN_UNDECLARED_SELECTOR = YES;
				GCC_WARN_UNINITIALIZED_AUTOS = YES_AGGRESSIVE;
				GCC_WARN_UNUSED_FUNCTION = YES;
				GCC_WARN_UNUSED_VARIABLE = YES;
				IPHONEOS_DEPLOYMENT_TARGET = 17.4;
				LOCALIZATION_PREFERS_STRING_CATALOGS = YES;
				MTL_ENABLE_DEBUG_INFO = NO;
				MTL_FAST_MATH = YES;
				SDKROOT = iphoneos;
				SWIFT_COMPILATION_MODE = wholemodule;
				VALIDATE_PRODUCT = YES;
			};
			name = Release;
		};
		CF1B09C22BD3D733001742A1 /* Debug */ = {
			isa = XCBuildConfiguration;
			baseConfigurationReference = 1FA36F173EC6897C7AE61B06 /* Pods-Guess or Pass.debug.xcconfig */;
			buildSettings = {
				ASSETCATALOG_COMPILER_APPICON_NAME = AppIcon;
				ASSETCATALOG_COMPILER_GLOBAL_ACCENT_COLOR_NAME = AccentColor;
				CODE_SIGN_STYLE = Automatic;
				CURRENT_PROJECT_VERSION = 1;
				DEVELOPMENT_ASSET_PATHS = "\"Guess or Pass/Preview Content\"";
				ENABLE_PREVIEWS = YES;
				ENABLE_USER_SCRIPT_SANDBOXING = NO;
				GENERATE_INFOPLIST_FILE = YES;
				INFOPLIST_KEY_UIApplicationSceneManifest_Generation = YES;
				INFOPLIST_KEY_UIApplicationSupportsIndirectInputEvents = YES;
				INFOPLIST_KEY_UILaunchScreen_Generation = YES;
				INFOPLIST_KEY_UISupportedInterfaceOrientations_iPad = "UIInterfaceOrientationPortrait UIInterfaceOrientationPortraitUpsideDown UIInterfaceOrientationLandscapeLeft UIInterfaceOrientationLandscapeRight";
				INFOPLIST_KEY_UISupportedInterfaceOrientations_iPhone = "UIInterfaceOrientationPortrait UIInterfaceOrientationLandscapeLeft UIInterfaceOrientationLandscapeRight";
				LD_RUNPATH_SEARCH_PATHS = (
					"$(inherited)",
					"@executable_path/Frameworks",
				);
				MARKETING_VERSION = 1.0;
				PRODUCT_BUNDLE_IDENTIFIER = "mk.ukim.finki.kristinakoneva.Guess-or-Pass";
				PRODUCT_NAME = "$(TARGET_NAME)";
				SWIFT_EMIT_LOC_STRINGS = YES;
				SWIFT_VERSION = 5.0;
				TARGETED_DEVICE_FAMILY = "1,2";
			};
			name = Debug;
		};
		CF1B09C32BD3D733001742A1 /* Release */ = {
			isa = XCBuildConfiguration;
			baseConfigurationReference = A5297E3219AB4EB92BB3FF73 /* Pods-Guess or Pass.release.xcconfig */;
			buildSettings = {
				ASSETCATALOG_COMPILER_APPICON_NAME = AppIcon;
				ASSETCATALOG_COMPILER_GLOBAL_ACCENT_COLOR_NAME = AccentColor;
				CODE_SIGN_STYLE = Automatic;
				CURRENT_PROJECT_VERSION = 1;
				DEVELOPMENT_ASSET_PATHS = "\"Guess or Pass/Preview Content\"";
				ENABLE_PREVIEWS = YES;
				ENABLE_USER_SCRIPT_SANDBOXING = NO;
				GENERATE_INFOPLIST_FILE = YES;
				INFOPLIST_KEY_UIApplicationSceneManifest_Generation = YES;
				INFOPLIST_KEY_UIApplicationSupportsIndirectInputEvents = YES;
				INFOPLIST_KEY_UILaunchScreen_Generation = YES;
				INFOPLIST_KEY_UISupportedInterfaceOrientations_iPad = "UIInterfaceOrientationPortrait UIInterfaceOrientationPortraitUpsideDown UIInterfaceOrientationLandscapeLeft UIInterfaceOrientationLandscapeRight";
				INFOPLIST_KEY_UISupportedInterfaceOrientations_iPhone = "UIInterfaceOrientationPortrait UIInterfaceOrientationLandscapeLeft UIInterfaceOrientationLandscapeRight";
				LD_RUNPATH_SEARCH_PATHS = (
					"$(inherited)",
					"@executable_path/Frameworks",
				);
				MARKETING_VERSION = 1.0;
				PRODUCT_BUNDLE_IDENTIFIER = "mk.ukim.finki.kristinakoneva.Guess-or-Pass";
				PRODUCT_NAME = "$(TARGET_NAME)";
				SWIFT_EMIT_LOC_STRINGS = YES;
				SWIFT_VERSION = 5.0;
				TARGETED_DEVICE_FAMILY = "1,2";
			};
			name = Release;
		};
		CF1B09C52BD3D733001742A1 /* Debug */ = {
			isa = XCBuildConfiguration;
			baseConfigurationReference = F51893425C27616158C03E0F /* Pods-Guess or PassTests.debug.xcconfig */;
			buildSettings = {
				ALWAYS_EMBED_SWIFT_STANDARD_LIBRARIES = YES;
				BUNDLE_LOADER = "$(TEST_HOST)";
				CODE_SIGN_STYLE = Automatic;
				CURRENT_PROJECT_VERSION = 1;
				ENABLE_USER_SCRIPT_SANDBOXING = NO;
				GENERATE_INFOPLIST_FILE = YES;
				IPHONEOS_DEPLOYMENT_TARGET = 17.4;
				MARKETING_VERSION = 1.0;
				PRODUCT_BUNDLE_IDENTIFIER = "mk.ukim.finki.kristinakoneva.Guess-or-PassTests";
				PRODUCT_NAME = "$(TARGET_NAME)";
				SWIFT_EMIT_LOC_STRINGS = NO;
				SWIFT_VERSION = 5.0;
				TARGETED_DEVICE_FAMILY = "1,2";
				TEST_HOST = "$(BUILT_PRODUCTS_DIR)/Guess or Pass.app/$(BUNDLE_EXECUTABLE_FOLDER_PATH)/Guess or Pass";
			};
			name = Debug;
		};
		CF1B09C62BD3D733001742A1 /* Release */ = {
			isa = XCBuildConfiguration;
			baseConfigurationReference = A8ECF45AD3D1A89B553B8EDA /* Pods-Guess or PassTests.release.xcconfig */;
			buildSettings = {
				ALWAYS_EMBED_SWIFT_STANDARD_LIBRARIES = YES;
				BUNDLE_LOADER = "$(TEST_HOST)";
				CODE_SIGN_STYLE = Automatic;
				CURRENT_PROJECT_VERSION = 1;
				ENABLE_USER_SCRIPT_SANDBOXING = NO;
				GENERATE_INFOPLIST_FILE = YES;
				IPHONEOS_DEPLOYMENT_TARGET = 17.4;
				MARKETING_VERSION = 1.0;
				PRODUCT_BUNDLE_IDENTIFIER = "mk.ukim.finki.kristinakoneva.Guess-or-PassTests";
				PRODUCT_NAME = "$(TARGET_NAME)";
				SWIFT_EMIT_LOC_STRINGS = NO;
				SWIFT_VERSION = 5.0;
				TARGETED_DEVICE_FAMILY = "1,2";
				TEST_HOST = "$(BUILT_PRODUCTS_DIR)/Guess or Pass.app/$(BUNDLE_EXECUTABLE_FOLDER_PATH)/Guess or Pass";
			};
			name = Release;
		};
		CF1B09C82BD3D733001742A1 /* Debug */ = {
			isa = XCBuildConfiguration;
			baseConfigurationReference = 81E5BBF644F731E76DF9A69A /* Pods-Guess or Pass-Guess or PassUITests.debug.xcconfig */;
			buildSettings = {
				ALWAYS_EMBED_SWIFT_STANDARD_LIBRARIES = YES;
				CODE_SIGN_STYLE = Automatic;
				CURRENT_PROJECT_VERSION = 1;
				ENABLE_USER_SCRIPT_SANDBOXING = NO;
				GENERATE_INFOPLIST_FILE = YES;
				MARKETING_VERSION = 1.0;
				PRODUCT_BUNDLE_IDENTIFIER = "mk.ukim.finki.kristinakoneva.Guess-or-PassUITests";
				PRODUCT_NAME = "$(TARGET_NAME)";
				SWIFT_EMIT_LOC_STRINGS = NO;
				SWIFT_VERSION = 5.0;
				TARGETED_DEVICE_FAMILY = "1,2";
				TEST_TARGET_NAME = "Guess or Pass";
			};
			name = Debug;
		};
		CF1B09C92BD3D733001742A1 /* Release */ = {
			isa = XCBuildConfiguration;
			baseConfigurationReference = 3F4C5C3C3BCEA23FFC8617DD /* Pods-Guess or Pass-Guess or PassUITests.release.xcconfig */;
			buildSettings = {
				ALWAYS_EMBED_SWIFT_STANDARD_LIBRARIES = YES;
				CODE_SIGN_STYLE = Automatic;
				CURRENT_PROJECT_VERSION = 1;
				ENABLE_USER_SCRIPT_SANDBOXING = NO;
				GENERATE_INFOPLIST_FILE = YES;
				MARKETING_VERSION = 1.0;
				PRODUCT_BUNDLE_IDENTIFIER = "mk.ukim.finki.kristinakoneva.Guess-or-PassUITests";
				PRODUCT_NAME = "$(TARGET_NAME)";
				SWIFT_EMIT_LOC_STRINGS = NO;
				SWIFT_VERSION = 5.0;
				TARGETED_DEVICE_FAMILY = "1,2";
				TEST_TARGET_NAME = "Guess or Pass";
			};
			name = Release;
		};
/* End XCBuildConfiguration section */

/* Begin XCConfigurationList section */
		CF1B09982BD3D731001742A1 /* Build configuration list for PBXProject "Guess or Pass" */ = {
			isa = XCConfigurationList;
			buildConfigurations = (
				CF1B09BF2BD3D733001742A1 /* Debug */,
				CF1B09C02BD3D733001742A1 /* Release */,
			);
			defaultConfigurationIsVisible = 0;
			defaultConfigurationName = Release;
		};
		CF1B09C12BD3D733001742A1 /* Build configuration list for PBXNativeTarget "Guess or Pass" */ = {
			isa = XCConfigurationList;
			buildConfigurations = (
				CF1B09C22BD3D733001742A1 /* Debug */,
				CF1B09C32BD3D733001742A1 /* Release */,
			);
			defaultConfigurationIsVisible = 0;
			defaultConfigurationName = Release;
		};
		CF1B09C42BD3D733001742A1 /* Build configuration list for PBXNativeTarget "Guess or PassTests" */ = {
			isa = XCConfigurationList;
			buildConfigurations = (
				CF1B09C52BD3D733001742A1 /* Debug */,
				CF1B09C62BD3D733001742A1 /* Release */,
			);
			defaultConfigurationIsVisible = 0;
			defaultConfigurationName = Release;
		};
		CF1B09C72BD3D733001742A1 /* Build configuration list for PBXNativeTarget "Guess or PassUITests" */ = {
			isa = XCConfigurationList;
			buildConfigurations = (
				CF1B09C82BD3D733001742A1 /* Debug */,
				CF1B09C92BD3D733001742A1 /* Release */,
			);
			defaultConfigurationIsVisible = 0;
			defaultConfigurationName = Release;
		};
/* End XCConfigurationList section */
	};
	rootObject = CF1B09952BD3D731001742A1 /* Project object */;
}
