// !$*UTF8*$!
{
	archiveVersion = 1;
	classes = {
	};
	objectVersion = 56;
	objects = {

/* Begin PBXBuildFile section */
		CF1B09A12BD3D731001742A1 /* Guess_or_PassApp.swift in Sources */ = {isa = PBXBuildFile; fileRef = CF1B09A02BD3D731001742A1 /* Guess_or_PassApp.swift */; };
		CF1B09A32BD3D731001742A1 /* HomeScreen.swift in Sources */ = {isa = PBXBuildFile; fileRef = CF1B09A22BD3D731001742A1 /* HomeScreen.swift */; };
		CF1B09A52BD3D733001742A1 /* Assets.xcassets in Resources */ = {isa = PBXBuildFile; fileRef = CF1B09A42BD3D733001742A1 /* Assets.xcassets */; };
		CF1B09A82BD3D733001742A1 /* Preview Assets.xcassets in Resources */ = {isa = PBXBuildFile; fileRef = CF1B09A72BD3D733001742A1 /* Preview Assets.xcassets */; };
		CF1B09B22BD3D733001742A1 /* Guess_or_PassTests.swift in Sources */ = {isa = PBXBuildFile; fileRef = CF1B09B12BD3D733001742A1 /* Guess_or_PassTests.swift */; };
		CF1B09BC2BD3D733001742A1 /* Guess_or_PassUITests.swift in Sources */ = {isa = PBXBuildFile; fileRef = CF1B09BB2BD3D733001742A1 /* Guess_or_PassUITests.swift */; };
		CF1B09BE2BD3D733001742A1 /* Guess_or_PassUITestsLaunchTests.swift in Sources */ = {isa = PBXBuildFile; fileRef = CF1B09BD2BD3D733001742A1 /* Guess_or_PassUITestsLaunchTests.swift */; };
		CF1B09D12BD3DD6B001742A1 /* Router.swift in Sources */ = {isa = PBXBuildFile; fileRef = CF1B09D02BD3DD6B001742A1 /* Router.swift */; };
		CF4F52422BD3E7CD00CA9009 /* WelcomeScreen.swift in Sources */ = {isa = PBXBuildFile; fileRef = CF4F52412BD3E7CD00CA9009 /* WelcomeScreen.swift */; };
		CF4F52462BD3E7F900CA9009 /* WelcomeViewModel.swift in Sources */ = {isa = PBXBuildFile; fileRef = CF4F52452BD3E7F900CA9009 /* WelcomeViewModel.swift */; };
/* End PBXBuildFile section */

/* Begin PBXContainerItemProxy section */
		CF1B09AE2BD3D733001742A1 /* PBXContainerItemProxy */ = {
			isa = PBXContainerItemProxy;
			containerPortal = CF1B09952BD3D731001742A1 /* Project object */;
			proxyType = 1;
			remoteGlobalIDString = CF1B099C2BD3D731001742A1;
			remoteInfo = "Guess or Pass";
		};
		CF1B09B82BD3D733001742A1 /* PBXContainerItemProxy */ = {
			isa = PBXContainerItemProxy;
			containerPortal = CF1B09952BD3D731001742A1 /* Project object */;
			proxyType = 1;
			remoteGlobalIDString = CF1B099C2BD3D731001742A1;
			remoteInfo = "Guess or Pass";
		};
/* End PBXContainerItemProxy section */

/* Begin PBXFileReference section */
		CF1B099D2BD3D731001742A1 /* Guess or Pass.app */ = {isa = PBXFileReference; explicitFileType = wrapper.application; includeInIndex = 0; path = "Guess or Pass.app"; sourceTree = BUILT_PRODUCTS_DIR; };
		CF1B09A02BD3D731001742A1 /* Guess_or_PassApp.swift */ = {isa = PBXFileReference; lastKnownFileType = sourcecode.swift; path = Guess_or_PassApp.swift; sourceTree = "<group>"; };
		CF1B09A22BD3D731001742A1 /* HomeScreen.swift */ = {isa = PBXFileReference; lastKnownFileType = sourcecode.swift; path = HomeScreen.swift; sourceTree = "<group>"; };
		CF1B09A42BD3D733001742A1 /* Assets.xcassets */ = {isa = PBXFileReference; lastKnownFileType = folder.assetcatalog; path = Assets.xcassets; sourceTree = "<group>"; };
		CF1B09A72BD3D733001742A1 /* Preview Assets.xcassets */ = {isa = PBXFileReference; lastKnownFileType = folder.assetcatalog; path = "Preview Assets.xcassets"; sourceTree = "<group>"; };
		CF1B09AD2BD3D733001742A1 /* Guess or PassTests.xctest */ = {isa = PBXFileReference; explicitFileType = wrapper.cfbundle; includeInIndex = 0; path = "Guess or PassTests.xctest"; sourceTree = BUILT_PRODUCTS_DIR; };
		CF1B09B12BD3D733001742A1 /* Guess_or_PassTests.swift */ = {isa = PBXFileReference; lastKnownFileType = sourcecode.swift; path = Guess_or_PassTests.swift; sourceTree = "<group>"; };
		CF1B09B72BD3D733001742A1 /* Guess or PassUITests.xctest */ = {isa = PBXFileReference; explicitFileType = wrapper.cfbundle; includeInIndex = 0; path = "Guess or PassUITests.xctest"; sourceTree = BUILT_PRODUCTS_DIR; };
		CF1B09BB2BD3D733001742A1 /* Guess_or_PassUITests.swift */ = {isa = PBXFileReference; lastKnownFileType = sourcecode.swift; path = Guess_or_PassUITests.swift; sourceTree = "<group>"; };
		CF1B09BD2BD3D733001742A1 /* Guess_or_PassUITestsLaunchTests.swift */ = {isa = PBXFileReference; lastKnownFileType = sourcecode.swift; path = Guess_or_PassUITestsLaunchTests.swift; sourceTree = "<group>"; };
		CF1B09D02BD3DD6B001742A1 /* Router.swift */ = {isa = PBXFileReference; lastKnownFileType = sourcecode.swift; path = Router.swift; sourceTree = "<group>"; };
		CF4F52412BD3E7CD00CA9009 /* WelcomeScreen.swift */ = {isa = PBXFileReference; lastKnownFileType = sourcecode.swift; path = WelcomeScreen.swift; sourceTree = "<group>"; };
		CF4F52452BD3E7F900CA9009 /* WelcomeViewModel.swift */ = {isa = PBXFileReference; lastKnownFileType = sourcecode.swift; path = WelcomeViewModel.swift; sourceTree = "<group>"; };
/* End PBXFileReference section */

/* Begin PBXFrameworksBuildPhase section */
		CF1B099A2BD3D731001742A1 /* Frameworks */ = {
			isa = PBXFrameworksBuildPhase;
			buildActionMask = 2147483647;
			files = (
			);
			runOnlyForDeploymentPostprocessing = 0;
		};
		CF1B09AA2BD3D733001742A1 /* Frameworks */ = {
			isa = PBXFrameworksBuildPhase;
			buildActionMask = 2147483647;
			files = (
			);
			runOnlyForDeploymentPostprocessing = 0;
		};
		CF1B09B42BD3D733001742A1 /* Frameworks */ = {
			isa = PBXFrameworksBuildPhase;
			buildActionMask = 2147483647;
			files = (
			);
			runOnlyForDeploymentPostprocessing = 0;
		};
/* End PBXFrameworksBuildPhase section */

/* Begin PBXGroup section */
		CF1B09942BD3D731001742A1 = {
			isa = PBXGroup;
			children = (
				CF1B099F2BD3D731001742A1 /* Guess or Pass */,
				CF1B09B02BD3D733001742A1 /* Guess or PassTests */,
				CF1B09BA2BD3D733001742A1 /* Guess or PassUITests */,
				CF1B099E2BD3D731001742A1 /* Products */,
			);
			sourceTree = "<group>";
		};
		CF1B099E2BD3D731001742A1 /* Products */ = {
			isa = PBXGroup;
			children = (
				CF1B099D2BD3D731001742A1 /* Guess or Pass.app */,
				CF1B09AD2BD3D733001742A1 /* Guess or PassTests.xctest */,
				CF1B09B72BD3D733001742A1 /* Guess or PassUITests.xctest */,
			);
			name = Products;
			sourceTree = "<group>";
		};
		CF1B099F2BD3D731001742A1 /* Guess or Pass */ = {
			isa = PBXGroup;
			children = (
				CF1B09CC2BD3DD0D001742A1 /* domain */,
				CF1B09CB2BD3DD05001742A1 /* data */,
				CF1B09CA2BD3DCFD001742A1 /* ui */,
				CF1B09A42BD3D733001742A1 /* Assets.xcassets */,
				CF1B09A62BD3D733001742A1 /* Preview Content */,
			);
			path = "Guess or Pass";
			sourceTree = "<group>";
		};
		CF1B09A62BD3D733001742A1 /* Preview Content */ = {
			isa = PBXGroup;
			children = (
				CF1B09A72BD3D733001742A1 /* Preview Assets.xcassets */,
			);
			path = "Preview Content";
			sourceTree = "<group>";
		};
		CF1B09B02BD3D733001742A1 /* Guess or PassTests */ = {
			isa = PBXGroup;
			children = (
				CF1B09B12BD3D733001742A1 /* Guess_or_PassTests.swift */,
			);
			path = "Guess or PassTests";
			sourceTree = "<group>";
		};
		CF1B09BA2BD3D733001742A1 /* Guess or PassUITests */ = {
			isa = PBXGroup;
			children = (
				CF1B09BB2BD3D733001742A1 /* Guess_or_PassUITests.swift */,
				CF1B09BD2BD3D733001742A1 /* Guess_or_PassUITestsLaunchTests.swift */,
			);
			path = "Guess or PassUITests";
			sourceTree = "<group>";
		};
		CF1B09CA2BD3DCFD001742A1 /* ui */ = {
			isa = PBXGroup;
			children = (
				CF1B09D22BD3DE5E001742A1 /* screens */,
				CF1B09CF2BD3DD5D001742A1 /* shared */,
				CF1B09A02BD3D731001742A1 /* Guess_or_PassApp.swift */,
			);
			path = ui;
			sourceTree = "<group>";
		};
		CF1B09CB2BD3DD05001742A1 /* data */ = {
			isa = PBXGroup;
			children = (
			);
			path = data;
			sourceTree = "<group>";
		};
		CF1B09CC2BD3DD0D001742A1 /* domain */ = {
			isa = PBXGroup;
			children = (
			);
			path = domain;
			sourceTree = "<group>";
		};
		CF1B09CF2BD3DD5D001742A1 /* shared */ = {
			isa = PBXGroup;
			children = (
				CF1B09D02BD3DD6B001742A1 /* Router.swift */,
			);
			path = shared;
			sourceTree = "<group>";
		};
		CF1B09D22BD3DE5E001742A1 /* screens */ = {
			isa = PBXGroup;
			children = (
				CF4F52442BD3E7E100CA9009 /* welcome */,
				CF4F52432BD3E7D300CA9009 /* home */,
			);
			path = screens;
			sourceTree = "<group>";
		};
		CF4F52432BD3E7D300CA9009 /* home */ = {
			isa = PBXGroup;
			children = (
				CF1B09A22BD3D731001742A1 /* HomeScreen.swift */,
			);
			path = home;
			sourceTree = "<group>";
		};
		CF4F52442BD3E7E100CA9009 /* welcome */ = {
			isa = PBXGroup;
			children = (
				CF4F52412BD3E7CD00CA9009 /* WelcomeScreen.swift */,
				CF4F52452BD3E7F900CA9009 /* WelcomeViewModel.swift */,
			);
			path = welcome;
			sourceTree = "<group>";
		};
/* End PBXGroup section */

/* Begin PBXNativeTarget section */
		CF1B099C2BD3D731001742A1 /* Guess or Pass */ = {
			isa = PBXNativeTarget;
			buildConfigurationList = CF1B09C12BD3D733001742A1 /* Build configuration list for PBXNativeTarget "Guess or Pass" */;
			buildPhases = (
				CF1B09992BD3D731001742A1 /* Sources */,
				CF1B099A2BD3D731001742A1 /* Frameworks */,
				CF1B099B2BD3D731001742A1 /* Resources */,
			);
			buildRules = (
			);
			dependencies = (
			);
			name = "Guess or Pass";
			productName = "Guess or Pass";
			productReference = CF1B099D2BD3D731001742A1 /* Guess or Pass.app */;
			productType = "com.apple.product-type.application";
		};
		CF1B09AC2BD3D733001742A1 /* Guess or PassTests */ = {
			isa = PBXNativeTarget;
			buildConfigurationList = CF1B09C42BD3D733001742A1 /* Build configuration list for PBXNativeTarget "Guess or PassTests" */;
			buildPhases = (
				CF1B09A92BD3D733001742A1 /* Sources */,
				CF1B09AA2BD3D733001742A1 /* Frameworks */,
				CF1B09AB2BD3D733001742A1 /* Resources */,
			);
			buildRules = (
			);
			dependencies = (
				CF1B09AF2BD3D733001742A1 /* PBXTargetDependency */,
			);
			name = "Guess or PassTests";
			productName = "Guess or PassTests";
			productReference = CF1B09AD2BD3D733001742A1 /* Guess or PassTests.xctest */;
			productType = "com.apple.product-type.bundle.unit-test";
		};
		CF1B09B62BD3D733001742A1 /* Guess or PassUITests */ = {
			isa = PBXNativeTarget;
			buildConfigurationList = CF1B09C72BD3D733001742A1 /* Build configuration list for PBXNativeTarget "Guess or PassUITests" */;
			buildPhases = (
				CF1B09B32BD3D733001742A1 /* Sources */,
				CF1B09B42BD3D733001742A1 /* Frameworks */,
				CF1B09B52BD3D733001742A1 /* Resources */,
			);
			buildRules = (
			);
			dependencies = (
				CF1B09B92BD3D733001742A1 /* PBXTargetDependency */,
			);
			name = "Guess or PassUITests";
			productName = "Guess or PassUITests";
			productReference = CF1B09B72BD3D733001742A1 /* Guess or PassUITests.xctest */;
			productType = "com.apple.product-type.bundle.ui-testing";
		};
/* End PBXNativeTarget section */

/* Begin PBXProject section */
		CF1B09952BD3D731001742A1 /* Project object */ = {
			isa = PBXProject;
			attributes = {
				BuildIndependentTargetsInParallel = 1;
				LastSwiftUpdateCheck = 1530;
				LastUpgradeCheck = 1530;
				TargetAttributes = {
					CF1B099C2BD3D731001742A1 = {
						CreatedOnToolsVersion = 15.3;
					};
					CF1B09AC2BD3D733001742A1 = {
						CreatedOnToolsVersion = 15.3;
						TestTargetID = CF1B099C2BD3D731001742A1;
					};
					CF1B09B62BD3D733001742A1 = {
						CreatedOnToolsVersion = 15.3;
						TestTargetID = CF1B099C2BD3D731001742A1;
					};
				};
			};
			buildConfigurationList = CF1B09982BD3D731001742A1 /* Build configuration list for PBXProject "Guess or Pass" */;
			compatibilityVersion = "Xcode 14.0";
			developmentRegion = en;
			hasScannedForEncodings = 0;
			knownRegions = (
				en,
				Base,
			);
			mainGroup = CF1B09942BD3D731001742A1;
			productRefGroup = CF1B099E2BD3D731001742A1 /* Products */;
			projectDirPath = "";
			projectRoot = "";
			targets = (
				CF1B099C2BD3D731001742A1 /* Guess or Pass */,
				CF1B09AC2BD3D733001742A1 /* Guess or PassTests */,
				CF1B09B62BD3D733001742A1 /* Guess or PassUITests */,
			);
		};
/* End PBXProject section */

/* Begin PBXResourcesBuildPhase section */
		CF1B099B2BD3D731001742A1 /* Resources */ = {
			isa = PBXResourcesBuildPhase;
			buildActionMask = 2147483647;
			files = (
				CF1B09A82BD3D733001742A1 /* Preview Assets.xcassets in Resources */,
				CF1B09A52BD3D733001742A1 /* Assets.xcassets in Resources */,
			);
			runOnlyForDeploymentPostprocessing = 0;
		};
		CF1B09AB2BD3D733001742A1 /* Resources */ = {
			isa = PBXResourcesBuildPhase;
			buildActionMask = 2147483647;
			files = (
			);
			runOnlyForDeploymentPostprocessing = 0;
		};
		CF1B09B52BD3D733001742A1 /* Resources */ = {
			isa = PBXResourcesBuildPhase;
			buildActionMask = 2147483647;
			files = (
			);
			runOnlyForDeploymentPostprocessing = 0;
		};
/* End PBXResourcesBuildPhase section */

/* Begin PBXSourcesBuildPhase section */
		CF1B09992BD3D731001742A1 /* Sources */ = {
			isa = PBXSourcesBuildPhase;
			buildActionMask = 2147483647;
			files = (
				CF1B09A32BD3D731001742A1 /* HomeScreen.swift in Sources */,
				CF4F52462BD3E7F900CA9009 /* WelcomeViewModel.swift in Sources */,
				CF1B09D12BD3DD6B001742A1 /* Router.swift in Sources */,
				CF4F52422BD3E7CD00CA9009 /* WelcomeScreen.swift in Sources */,
				CF1B09A12BD3D731001742A1 /* Guess_or_PassApp.swift in Sources */,
			);
			runOnlyForDeploymentPostprocessing = 0;
		};
		CF1B09A92BD3D733001742A1 /* Sources */ = {
			isa = PBXSourcesBuildPhase;
			buildActionMask = 2147483647;
			files = (
				CF1B09B22BD3D733001742A1 /* Guess_or_PassTests.swift in Sources */,
			);
			runOnlyForDeploymentPostprocessing = 0;
		};
		CF1B09B32BD3D733001742A1 /* Sources */ = {
			isa = PBXSourcesBuildPhase;
			buildActionMask = 2147483647;
			files = (
				CF1B09BE2BD3D733001742A1 /* Guess_or_PassUITestsLaunchTests.swift in Sources */,
				CF1B09BC2BD3D733001742A1 /* Guess_or_PassUITests.swift in Sources */,
			);
			runOnlyForDeploymentPostprocessing = 0;
		};
/* End PBXSourcesBuildPhase section */

/* Begin PBXTargetDependency section */
		CF1B09AF2BD3D733001742A1 /* PBXTargetDependency */ = {
			isa = PBXTargetDependency;
			target = CF1B099C2BD3D731001742A1 /* Guess or Pass */;
			targetProxy = CF1B09AE2BD3D733001742A1 /* PBXContainerItemProxy */;
		};
		CF1B09B92BD3D733001742A1 /* PBXTargetDependency */ = {
			isa = PBXTargetDependency;
			target = CF1B099C2BD3D731001742A1 /* Guess or Pass */;
			targetProxy = CF1B09B82BD3D733001742A1 /* PBXContainerItemProxy */;
		};
/* End PBXTargetDependency section */

/* Begin XCBuildConfiguration section */
		CF1B09BF2BD3D733001742A1 /* Debug */ = {
			isa = XCBuildConfiguration;
			buildSettings = {
				ALWAYS_SEARCH_USER_PATHS = NO;
				ASSETCATALOG_COMPILER_GENERATE_SWIFT_ASSET_SYMBOL_EXTENSIONS = YES;
				CLANG_ANALYZER_NONNULL = YES;
				CLANG_ANALYZER_NUMBER_OBJECT_CONVERSION = YES_AGGRESSIVE;
				CLANG_CXX_LANGUAGE_STANDARD = "gnu++20";
				CLANG_ENABLE_MODULES = YES;
				CLANG_ENABLE_OBJC_ARC = YES;
				CLANG_ENABLE_OBJC_WEAK = YES;
				CLANG_WARN_BLOCK_CAPTURE_AUTORELEASING = YES;
				CLANG_WARN_BOOL_CONVERSION = YES;
				CLANG_WARN_COMMA = YES;
				CLANG_WARN_CONSTANT_CONVERSION = YES;
				CLANG_WARN_DEPRECATED_OBJC_IMPLEMENTATIONS = YES;
				CLANG_WARN_DIRECT_OBJC_ISA_USAGE = YES_ERROR;
				CLANG_WARN_DOCUMENTATION_COMMENTS = YES;
				CLANG_WARN_EMPTY_BODY = YES;
				CLANG_WARN_ENUM_CONVERSION = YES;
				CLANG_WARN_INFINITE_RECURSION = YES;
				CLANG_WARN_INT_CONVERSION = YES;
				CLANG_WARN_NON_LITERAL_NULL_CONVERSION = YES;
				CLANG_WARN_OBJC_IMPLICIT_RETAIN_SELF = YES;
				CLANG_WARN_OBJC_LITERAL_CONVERSION = YES;
				CLANG_WARN_OBJC_ROOT_CLASS = YES_ERROR;
				CLANG_WARN_QUOTED_INCLUDE_IN_FRAMEWORK_HEADER = YES;
				CLANG_WARN_RANGE_LOOP_ANALYSIS = YES;
				CLANG_WARN_STRICT_PROTOTYPES = YES;
				CLANG_WARN_SUSPICIOUS_MOVE = YES;
				CLANG_WARN_UNGUARDED_AVAILABILITY = YES_AGGRESSIVE;
				CLANG_WARN_UNREACHABLE_CODE = YES;
				CLANG_WARN__DUPLICATE_METHOD_MATCH = YES;
				COPY_PHASE_STRIP = NO;
				DEBUG_INFORMATION_FORMAT = dwarf;
				ENABLE_STRICT_OBJC_MSGSEND = YES;
				ENABLE_TESTABILITY = YES;
				ENABLE_USER_SCRIPT_SANDBOXING = YES;
				GCC_C_LANGUAGE_STANDARD = gnu17;
				GCC_DYNAMIC_NO_PIC = NO;
				GCC_NO_COMMON_BLOCKS = YES;
				GCC_OPTIMIZATION_LEVEL = 0;
				GCC_PREPROCESSOR_DEFINITIONS = (
					"DEBUG=1",
					"$(inherited)",
				);
				GCC_WARN_64_TO_32_BIT_CONVERSION = YES;
				GCC_WARN_ABOUT_RETURN_TYPE = YES_ERROR;
				GCC_WARN_UNDECLARED_SELECTOR = YES;
				GCC_WARN_UNINITIALIZED_AUTOS = YES_AGGRESSIVE;
				GCC_WARN_UNUSED_FUNCTION = YES;
				GCC_WARN_UNUSED_VARIABLE = YES;
				IPHONEOS_DEPLOYMENT_TARGET = 17.4;
				LOCALIZATION_PREFERS_STRING_CATALOGS = YES;
				MTL_ENABLE_DEBUG_INFO = INCLUDE_SOURCE;
				MTL_FAST_MATH = YES;
				ONLY_ACTIVE_ARCH = YES;
				SDKROOT = iphoneos;
				SWIFT_ACTIVE_COMPILATION_CONDITIONS = "DEBUG $(inherited)";
				SWIFT_OPTIMIZATION_LEVEL = "-Onone";
			};
			name = Debug;
		};
		CF1B09C02BD3D733001742A1 /* Release */ = {
			isa = XCBuildConfiguration;
			buildSettings = {
				ALWAYS_SEARCH_USER_PATHS = NO;
				ASSETCATALOG_COMPILER_GENERATE_SWIFT_ASSET_SYMBOL_EXTENSIONS = YES;
				CLANG_ANALYZER_NONNULL = YES;
				CLANG_ANALYZER_NUMBER_OBJECT_CONVERSION = YES_AGGRESSIVE;
				CLANG_CXX_LANGUAGE_STANDARD = "gnu++20";
				CLANG_ENABLE_MODULES = YES;
				CLANG_ENABLE_OBJC_ARC = YES;
				CLANG_ENABLE_OBJC_WEAK = YES;
				CLANG_WARN_BLOCK_CAPTURE_AUTORELEASING = YES;
				CLANG_WARN_BOOL_CONVERSION = YES;
				CLANG_WARN_COMMA = YES;
				CLANG_WARN_CONSTANT_CONVERSION = YES;
				CLANG_WARN_DEPRECATED_OBJC_IMPLEMENTATIONS = YES;
				CLANG_WARN_DIRECT_OBJC_ISA_USAGE = YES_ERROR;
				CLANG_WARN_DOCUMENTATION_COMMENTS = YES;
				CLANG_WARN_EMPTY_BODY = YES;
				CLANG_WARN_ENUM_CONVERSION = YES;
				CLANG_WARN_INFINITE_RECURSION = YES;
				CLANG_WARN_INT_CONVERSION = YES;
				CLANG_WARN_NON_LITERAL_NULL_CONVERSION = YES;
				CLANG_WARN_OBJC_IMPLICIT_RETAIN_SELF = YES;
				CLANG_WARN_OBJC_LITERAL_CONVERSION = YES;
				CLANG_WARN_OBJC_ROOT_CLASS = YES_ERROR;
				CLANG_WARN_QUOTED_INCLUDE_IN_FRAMEWORK_HEADER = YES;
				CLANG_WARN_RANGE_LOOP_ANALYSIS = YES;
				CLANG_WARN_STRICT_PROTOTYPES = YES;
				CLANG_WARN_SUSPICIOUS_MOVE = YES;
				CLANG_WARN_UNGUARDED_AVAILABILITY = YES_AGGRESSIVE;
				CLANG_WARN_UNREACHABLE_CODE = YES;
				CLANG_WARN__DUPLICATE_METHOD_MATCH = YES;
				COPY_PHASE_STRIP = NO;
				DEBUG_INFORMATION_FORMAT = "dwarf-with-dsym";
				ENABLE_NS_ASSERTIONS = NO;
				ENABLE_STRICT_OBJC_MSGSEND = YES;
				ENABLE_USER_SCRIPT_SANDBOXING = YES;
				GCC_C_LANGUAGE_STANDARD = gnu17;
				GCC_NO_COMMON_BLOCKS = YES;
				GCC_WARN_64_TO_32_BIT_CONVERSION = YES;
				GCC_WARN_ABOUT_RETURN_TYPE = YES_ERROR;
				GCC_WARN_UNDECLARED_SELECTOR = YES;
				GCC_WARN_UNINITIALIZED_AUTOS = YES_AGGRESSIVE;
				GCC_WARN_UNUSED_FUNCTION = YES;
				GCC_WARN_UNUSED_VARIABLE = YES;
				IPHONEOS_DEPLOYMENT_TARGET = 17.4;
				LOCALIZATION_PREFERS_STRING_CATALOGS = YES;
				MTL_ENABLE_DEBUG_INFO = NO;
				MTL_FAST_MATH = YES;
				SDKROOT = iphoneos;
				SWIFT_COMPILATION_MODE = wholemodule;
				VALIDATE_PRODUCT = YES;
			};
			name = Release;
		};
		CF1B09C22BD3D733001742A1 /* Debug */ = {
			isa = XCBuildConfiguration;
			buildSettings = {
				ASSETCATALOG_COMPILER_APPICON_NAME = AppIcon;
				ASSETCATALOG_COMPILER_GLOBAL_ACCENT_COLOR_NAME = AccentColor;
				CODE_SIGN_STYLE = Automatic;
				CURRENT_PROJECT_VERSION = 1;
				DEVELOPMENT_ASSET_PATHS = "\"Guess or Pass/Preview Content\"";
				ENABLE_PREVIEWS = YES;
				GENERATE_INFOPLIST_FILE = YES;
				INFOPLIST_KEY_UIApplicationSceneManifest_Generation = YES;
				INFOPLIST_KEY_UIApplicationSupportsIndirectInputEvents = YES;
				INFOPLIST_KEY_UILaunchScreen_Generation = YES;
				INFOPLIST_KEY_UISupportedInterfaceOrientations_iPad = "UIInterfaceOrientationPortrait UIInterfaceOrientationPortraitUpsideDown UIInterfaceOrientationLandscapeLeft UIInterfaceOrientationLandscapeRight";
				INFOPLIST_KEY_UISupportedInterfaceOrientations_iPhone = "UIInterfaceOrientationPortrait UIInterfaceOrientationLandscapeLeft UIInterfaceOrientationLandscapeRight";
				LD_RUNPATH_SEARCH_PATHS = (
					"$(inherited)",
					"@executable_path/Frameworks",
				);
				MARKETING_VERSION = 1.0;
				PRODUCT_BUNDLE_IDENTIFIER = "mk.ukim.finki.kristinakoneva.Guess-or-Pass";
				PRODUCT_NAME = "$(TARGET_NAME)";
				SWIFT_EMIT_LOC_STRINGS = YES;
				SWIFT_VERSION = 5.0;
				TARGETED_DEVICE_FAMILY = "1,2";
			};
			name = Debug;
		};
		CF1B09C32BD3D733001742A1 /* Release */ = {
			isa = XCBuildConfiguration;
			buildSettings = {
				ASSETCATALOG_COMPILER_APPICON_NAME = AppIcon;
				ASSETCATALOG_COMPILER_GLOBAL_ACCENT_COLOR_NAME = AccentColor;
				CODE_SIGN_STYLE = Automatic;
				CURRENT_PROJECT_VERSION = 1;
				DEVELOPMENT_ASSET_PATHS = "\"Guess or Pass/Preview Content\"";
				ENABLE_PREVIEWS = YES;
				GENERATE_INFOPLIST_FILE = YES;
				INFOPLIST_KEY_UIApplicationSceneManifest_Generation = YES;
				INFOPLIST_KEY_UIApplicationSupportsIndirectInputEvents = YES;
				INFOPLIST_KEY_UILaunchScreen_Generation = YES;
				INFOPLIST_KEY_UISupportedInterfaceOrientations_iPad = "UIInterfaceOrientationPortrait UIInterfaceOrientationPortraitUpsideDown UIInterfaceOrientationLandscapeLeft UIInterfaceOrientationLandscapeRight";
				INFOPLIST_KEY_UISupportedInterfaceOrientations_iPhone = "UIInterfaceOrientationPortrait UIInterfaceOrientationLandscapeLeft UIInterfaceOrientationLandscapeRight";
				LD_RUNPATH_SEARCH_PATHS = (
					"$(inherited)",
					"@executable_path/Frameworks",
				);
				MARKETING_VERSION = 1.0;
				PRODUCT_BUNDLE_IDENTIFIER = "mk.ukim.finki.kristinakoneva.Guess-or-Pass";
				PRODUCT_NAME = "$(TARGET_NAME)";
				SWIFT_EMIT_LOC_STRINGS = YES;
				SWIFT_VERSION = 5.0;
				TARGETED_DEVICE_FAMILY = "1,2";
			};
			name = Release;
		};
		CF1B09C52BD3D733001742A1 /* Debug */ = {
			isa = XCBuildConfiguration;
			buildSettings = {
				ALWAYS_EMBED_SWIFT_STANDARD_LIBRARIES = YES;
				BUNDLE_LOADER = "$(TEST_HOST)";
				CODE_SIGN_STYLE = Automatic;
				CURRENT_PROJECT_VERSION = 1;
				GENERATE_INFOPLIST_FILE = YES;
				IPHONEOS_DEPLOYMENT_TARGET = 17.4;
				MARKETING_VERSION = 1.0;
				PRODUCT_BUNDLE_IDENTIFIER = "mk.ukim.finki.kristinakoneva.Guess-or-PassTests";
				PRODUCT_NAME = "$(TARGET_NAME)";
				SWIFT_EMIT_LOC_STRINGS = NO;
				SWIFT_VERSION = 5.0;
				TARGETED_DEVICE_FAMILY = "1,2";
				TEST_HOST = "$(BUILT_PRODUCTS_DIR)/Guess or Pass.app/$(BUNDLE_EXECUTABLE_FOLDER_PATH)/Guess or Pass";
			};
			name = Debug;
		};
		CF1B09C62BD3D733001742A1 /* Release */ = {
			isa = XCBuildConfiguration;
			buildSettings = {
				ALWAYS_EMBED_SWIFT_STANDARD_LIBRARIES = YES;
				BUNDLE_LOADER = "$(TEST_HOST)";
				CODE_SIGN_STYLE = Automatic;
				CURRENT_PROJECT_VERSION = 1;
				GENERATE_INFOPLIST_FILE = YES;
				IPHONEOS_DEPLOYMENT_TARGET = 17.4;
				MARKETING_VERSION = 1.0;
				PRODUCT_BUNDLE_IDENTIFIER = "mk.ukim.finki.kristinakoneva.Guess-or-PassTests";
				PRODUCT_NAME = "$(TARGET_NAME)";
				SWIFT_EMIT_LOC_STRINGS = NO;
				SWIFT_VERSION = 5.0;
				TARGETED_DEVICE_FAMILY = "1,2";
				TEST_HOST = "$(BUILT_PRODUCTS_DIR)/Guess or Pass.app/$(BUNDLE_EXECUTABLE_FOLDER_PATH)/Guess or Pass";
			};
			name = Release;
		};
		CF1B09C82BD3D733001742A1 /* Debug */ = {
			isa = XCBuildConfiguration;
			buildSettings = {
				ALWAYS_EMBED_SWIFT_STANDARD_LIBRARIES = YES;
				CODE_SIGN_STYLE = Automatic;
				CURRENT_PROJECT_VERSION = 1;
				GENERATE_INFOPLIST_FILE = YES;
				MARKETING_VERSION = 1.0;
				PRODUCT_BUNDLE_IDENTIFIER = "mk.ukim.finki.kristinakoneva.Guess-or-PassUITests";
				PRODUCT_NAME = "$(TARGET_NAME)";
				SWIFT_EMIT_LOC_STRINGS = NO;
				SWIFT_VERSION = 5.0;
				TARGETED_DEVICE_FAMILY = "1,2";
				TEST_TARGET_NAME = "Guess or Pass";
			};
			name = Debug;
		};
		CF1B09C92BD3D733001742A1 /* Release */ = {
			isa = XCBuildConfiguration;
			buildSettings = {
				ALWAYS_EMBED_SWIFT_STANDARD_LIBRARIES = YES;
				CODE_SIGN_STYLE = Automatic;
				CURRENT_PROJECT_VERSION = 1;
				GENERATE_INFOPLIST_FILE = YES;
				MARKETING_VERSION = 1.0;
				PRODUCT_BUNDLE_IDENTIFIER = "mk.ukim.finki.kristinakoneva.Guess-or-PassUITests";
				PRODUCT_NAME = "$(TARGET_NAME)";
				SWIFT_EMIT_LOC_STRINGS = NO;
				SWIFT_VERSION = 5.0;
				TARGETED_DEVICE_FAMILY = "1,2";
				TEST_TARGET_NAME = "Guess or Pass";
			};
			name = Release;
		};
/* End XCBuildConfiguration section */

/* Begin XCConfigurationList section */
		CF1B09982BD3D731001742A1 /* Build configuration list for PBXProject "Guess or Pass" */ = {
			isa = XCConfigurationList;
			buildConfigurations = (
				CF1B09BF2BD3D733001742A1 /* Debug */,
				CF1B09C02BD3D733001742A1 /* Release */,
			);
			defaultConfigurationIsVisible = 0;
			defaultConfigurationName = Release;
		};
		CF1B09C12BD3D733001742A1 /* Build configuration list for PBXNativeTarget "Guess or Pass" */ = {
			isa = XCConfigurationList;
			buildConfigurations = (
				CF1B09C22BD3D733001742A1 /* Debug */,
				CF1B09C32BD3D733001742A1 /* Release */,
			);
			defaultConfigurationIsVisible = 0;
			defaultConfigurationName = Release;
		};
		CF1B09C42BD3D733001742A1 /* Build configuration list for PBXNativeTarget "Guess or PassTests" */ = {
			isa = XCConfigurationList;
			buildConfigurations = (
				CF1B09C52BD3D733001742A1 /* Debug */,
				CF1B09C62BD3D733001742A1 /* Release */,
			);
			defaultConfigurationIsVisible = 0;
			defaultConfigurationName = Release;
		};
		CF1B09C72BD3D733001742A1 /* Build configuration list for PBXNativeTarget "Guess or PassUITests" */ = {
			isa = XCConfigurationList;
			buildConfigurations = (
				CF1B09C82BD3D733001742A1 /* Debug */,
				CF1B09C92BD3D733001742A1 /* Release */,
			);
			defaultConfigurationIsVisible = 0;
			defaultConfigurationName = Release;
		};
/* End XCConfigurationList section */
	};
	rootObject = CF1B09952BD3D731001742A1 /* Project object */;
}
